// !$*UTF8*$!
{
	archiveVersion = 1;
	classes = {
	};
	objectVersion = 46;
	objects = {

/* Begin PBXAggregateTarget section */
		299A51313AF710F7F47B827C /* FlanGELVS - All */ = {
			isa = PBXAggregateTarget;
			buildConfigurationList = AFD957C8C035763FB3D717FB;
			buildPhases = (
			);
			dependencies = (
				7DAA534BB00BB00C41CB36C5,
				3E318589EE8B92F7E0284837,
				B36D0A2AAD20E3475F7294A7,
				4B6F0599FBAD84B281D37A55,
			);
			name = "FlanGELVS - All";
			productName = FlanGELVS;
		};
/* End PBXAggregateTarget section */

/* Begin PBXBuildFile section */
		0606D659B9BDD03856B794EC /* include_juce_events.mm */ = {isa = PBXBuildFile; fileRef = CA4D055EB54EDB834B94E8E9; };
		12ACA94BA3C5956E6AE66098 /* include_juce_audio_utils.mm */ = {isa = PBXBuildFile; fileRef = F514134385F95C894310C40A; };
		15AEC8AEE974D512F38082AD /* include_juce_gui_basics.mm */ = {isa = PBXBuildFile; fileRef = ADEDF9A2F488D8F064C137A2; };
		203D6A65703BB6CB924441F9 /* AudioToolbox.framework */ = {isa = PBXBuildFile; fileRef = 862684E2A8B4FA84CA67F4A9; };
		233D5AA43D7AC011DEC27B46 /* Foundation.framework */ = {isa = PBXBuildFile; fileRef = F062D1A9EE9C4114427FA357; };
		243FBD216C220FE4A9B0D4C3 /* include_juce_audio_plugin_client_utils.cpp */ = {isa = PBXBuildFile; fileRef = 1F1E4550980217674843F601; };
		2A475B460429288FE159D79E /* Carbon.framework */ = {isa = PBXBuildFile; fileRef = 023801C78051F8C425E3D171; };
		32CE242056D5D0885449757B /* Standalone Plugin */ = {isa = PBXBuildFile; fileRef = 0169DB2AC56490552E5A6CCB; };
		3550757D01D1210AF966376A /* include_juce_audio_basics.mm */ = {isa = PBXBuildFile; fileRef = 1E729A809BD1DEEF96197989; };
		3BA057A8BF367CF108488287 /* include_juce_audio_devices.mm */ = {isa = PBXBuildFile; fileRef = C5FE78C140D93DB467DE031E; };
		3F2A78228A7214A5E02EDE60 /* include_juce_audio_plugin_client_AU.r */ = {isa = PBXBuildFile; fileRef = D75BAFDD53A2804809C6C259; };
		44E022C37EFB12E92F5922BC /* Shared Code */ = {isa = PBXBuildFile; fileRef = EF350424EC6B320AB3FCFA14; };
		489DFF24B8E872546EDB806F /* include_juce_osc.cpp */ = {isa = PBXBuildFile; fileRef = F84BC457A230145B680F187D; };
		4F3567B7E86B7AB20B36675F /* include_juce_graphics.mm */ = {isa = PBXBuildFile; fileRef = 11CD7E6608A4B2BFC6536C2C; };
		5B5F32ED1E5101E442D1C1B7 /* CoreAudioKit.framework */ = {isa = PBXBuildFile; fileRef = 6C6059263E4D577844EA00C5; };
		5C479DB714D0AD7C3F5E28EC /* WebKit.framework */ = {isa = PBXBuildFile; fileRef = 9CD6711D84BB7C2F4D0D5108; };
		6D10AE2665A05C6794269312 /* Accelerate.framework */ = {isa = PBXBuildFile; fileRef = 55A8918E0AF47EBA8BA53F5B; };
		784D779DA3B8DFC65CEE9803 /* include_juce_dsp.mm */ = {isa = PBXBuildFile; fileRef = 606BB63215A28974C9CD213A; };
		7E667BE8BCAC053632EC92EC /* QuartzCore.framework */ = {isa = PBXBuildFile; fileRef = D5AC8A8493F2CDFD7FFC12EB; };
		8434C5474F16F98B2A230BFC /* CoreMIDI.framework */ = {isa = PBXBuildFile; fileRef = B6FD8E6F13A17E3945941FD8; };
		8543256AC10B5D0ECB4535BE /* include_juce_data_structures.mm */ = {isa = PBXBuildFile; fileRef = A7DD094760B9467EB6DC5550; };
		85FBB578579833B8A1335CDF /* include_juce_audio_plugin_client_AU_2.mm */ = {isa = PBXBuildFile; fileRef = 1B6FDE4A2D2BC2EDB7D0AD52; };
		8B831FE2A926A471613E58CE /* include_juce_audio_plugin_client_Standalone.cpp */ = {isa = PBXBuildFile; fileRef = D3F7C4ED25537D38FB2AEA7E; };
		954D2476E2A7792D4B14E560 /* VST3 */ = {isa = PBXBuildFile; fileRef = 5DEC8192D81F33606F676045; };
		955BB5AE606F482FB148B933 /* DiscRecording.framework */ = {isa = PBXBuildFile; fileRef = 047371F1AA9D1F4375B4BB38; };
		A16E97F4E8DA1B27D6FDB871 /* include_juce_audio_plugin_client_VST3.cpp */ = {isa = PBXBuildFile; fileRef = 1F7B1C7C824E528856AFC04D; };
		A4C0D105AADA7619C300A548 /* AU */ = {isa = PBXBuildFile; fileRef = A3DD0ABEE40457F9D7567A0B; };
		A7CFF95C6B3117A870ABB0A5 /* include_juce_audio_formats.mm */ = {isa = PBXBuildFile; fileRef = 85C86DA1BC651531566809A2; };
		A8EB25720E260021946B4BB3 /* BinaryData.cpp */ = {isa = PBXBuildFile; fileRef = 0787AA03DA208F76402DCE82; };
		BF997BF6A403862629B0BA14 /* AudioUnit.framework */ = {isa = PBXBuildFile; fileRef = 4ECF48AD04022AC6F1A0BE23; };
		C28692A9497D10B2649597DF /* PluginProcessor.cpp */ = {isa = PBXBuildFile; fileRef = 2BF8833E7B4CB4AFA1B34D03; };
		C4D2BA57FC981D9ABB704F51 /* include_juce_core.mm */ = {isa = PBXBuildFile; fileRef = 6EE2B1DC390E9477DFAE3ACE; };
		CA0C84D09D9D402DC822208F /* PluginEditor.cpp */ = {isa = PBXBuildFile; fileRef = 0A8BBE62BC145738691EF0CC; };
		CE758D36D0C5B1818F96DD42 /* include_juce_audio_plugin_client_AU_1.mm */ = {isa = PBXBuildFile; fileRef = DF6AFAD0C1DF504330B8D767; };
		E525223B97E893359B4B7154 /* RecentFilesMenuTemplate.nib */ = {isa = PBXBuildFile; fileRef = 0D69739D56673C7DD30F5178; };
		E84913A9CE898354A95EC1F4 /* IOKit.framework */ = {isa = PBXBuildFile; fileRef = 39F84E1F00263BD94AEEC0AA; };
		ED54746DB28B58CBD93EE173 /* Cocoa.framework */ = {isa = PBXBuildFile; fileRef = A6F1BD21FC2FB2723F5454B9; };
		F79CF045E74B97B3CDD10FCB /* include_juce_audio_processors.mm */ = {isa = PBXBuildFile; fileRef = 2152610B0EF44B67D435B765; };
		F8B4515DD33C87A58FC079F1 /* include_juce_audio_plugin_client_VST_utils.mm */ = {isa = PBXBuildFile; fileRef = CB9B77A3FBC21EF9B463FA0A; };
		FBE48231E234003F55887CD1 /* include_juce_gui_extra.mm */ = {isa = PBXBuildFile; fileRef = 33544E3A783F3C64D446B127; };
		FFBB36DE5DD313D90E947CC0 /* CoreAudio.framework */ = {isa = PBXBuildFile; fileRef = F1DC6EF00A1B69753CF2CB3C; };
/* End PBXBuildFile section */

/* Begin PBXFileReference section */
		0108B7E53339DE9CF2F32B50 /* juce_graphics */ /* juce_graphics */ = {isa = PBXFileReference; lastKnownFileType = folder; name = juce_graphics; path = "~/JUCE/modules/juce_graphics"; sourceTree = "<absolute>"; };
		0169DB2AC56490552E5A6CCB /* Standalone Plugin */ = {isa = PBXFileReference; explicitFileType = wrapper.application; includeInIndex = 0; path = FlanGELVS.app; sourceTree = BUILT_PRODUCTS_DIR; };
		023801C78051F8C425E3D171 /* Carbon.framework */ /* Carbon.framework */ = {isa = PBXFileReference; lastKnownFileType = wrapper.framework; name = Carbon.framework; path = System/Library/Frameworks/Carbon.framework; sourceTree = SDKROOT; };
		047371F1AA9D1F4375B4BB38 /* DiscRecording.framework */ /* DiscRecording.framework */ = {isa = PBXFileReference; lastKnownFileType = wrapper.framework; name = DiscRecording.framework; path = System/Library/Frameworks/DiscRecording.framework; sourceTree = SDKROOT; };
		05CD39B2B271A9FBC1F6B461 /* juce_audio_processors */ /* juce_audio_processors */ = {isa = PBXFileReference; lastKnownFileType = folder; name = juce_audio_processors; path = "~/JUCE/modules/juce_audio_processors"; sourceTree = "<absolute>"; };
		0787AA03DA208F76402DCE82 /* BinaryData.cpp */ /* BinaryData.cpp */ = {isa = PBXFileReference; lastKnownFileType = sourcecode.cpp.cpp; name = BinaryData.cpp; path = ../../JuceLibraryCode/BinaryData.cpp; sourceTree = SOURCE_ROOT; };
		09EAB3153A25129C78B3F5C9 /* juce_dsp */ /* juce_dsp */ = {isa = PBXFileReference; lastKnownFileType = folder; name = juce_dsp; path = "~/JUCE/modules/juce_dsp"; sourceTree = "<absolute>"; };
		0A8BBE62BC145738691EF0CC /* PluginEditor.cpp */ /* PluginEditor.cpp */ = {isa = PBXFileReference; lastKnownFileType = sourcecode.cpp.cpp; name = PluginEditor.cpp; path = ../../Source/PluginEditor.cpp; sourceTree = SOURCE_ROOT; };
		0D69739D56673C7DD30F5178 /* RecentFilesMenuTemplate.nib */ /* RecentFilesMenuTemplate.nib */ = {isa = PBXFileReference; lastKnownFileType = file.nib; name = RecentFilesMenuTemplate.nib; path = RecentFilesMenuTemplate.nib; sourceTree = SOURCE_ROOT; };
		0E9D0CF3CE9D283C76BAC25B /* juce_gui_extra */ /* juce_gui_extra */ = {isa = PBXFileReference; lastKnownFileType = folder; name = juce_gui_extra; path = "~/JUCE/modules/juce_gui_extra"; sourceTree = "<absolute>"; };
		11CD7E6608A4B2BFC6536C2C /* include_juce_graphics.mm */ /* include_juce_graphics.mm */ = {isa = PBXFileReference; lastKnownFileType = sourcecode.cpp.objcpp; name = include_juce_graphics.mm; path = ../../JuceLibraryCode/include_juce_graphics.mm; sourceTree = SOURCE_ROOT; };
		178AC1AFC7C250098986027B /* juce_audio_formats */ /* juce_audio_formats */ = {isa = PBXFileReference; lastKnownFileType = folder; name = juce_audio_formats; path = "~/JUCE/modules/juce_audio_formats"; sourceTree = "<absolute>"; };
		19FC082B7805E52D28F00C3A /* juce_gui_basics */ /* juce_gui_basics */ = {isa = PBXFileReference; lastKnownFileType = folder; name = juce_gui_basics; path = "~/JUCE/modules/juce_gui_basics"; sourceTree = "<absolute>"; };
		1AF01906D01B1E7ECC5E9421 /* PluginProcessor.h */ /* PluginProcessor.h */ = {isa = PBXFileReference; lastKnownFileType = sourcecode.c.h; name = PluginProcessor.h; path = ../../Source/PluginProcessor.h; sourceTree = SOURCE_ROOT; };
		1B6FDE4A2D2BC2EDB7D0AD52 /* include_juce_audio_plugin_client_AU_2.mm */ /* include_juce_audio_plugin_client_AU_2.mm */ = {isa = PBXFileReference; lastKnownFileType = sourcecode.cpp.objcpp; name = include_juce_audio_plugin_client_AU_2.mm; path = ../../JuceLibraryCode/include_juce_audio_plugin_client_AU_2.mm; sourceTree = SOURCE_ROOT; };
		1C3F82E519C9E832755CAD0C /* juce_audio_utils */ /* juce_audio_utils */ = {isa = PBXFileReference; lastKnownFileType = folder; name = juce_audio_utils; path = "~/JUCE/modules/juce_audio_utils"; sourceTree = "<absolute>"; };
		1E729A809BD1DEEF96197989 /* include_juce_audio_basics.mm */ /* include_juce_audio_basics.mm */ = {isa = PBXFileReference; lastKnownFileType = sourcecode.cpp.objcpp; name = include_juce_audio_basics.mm; path = ../../JuceLibraryCode/include_juce_audio_basics.mm; sourceTree = SOURCE_ROOT; };
		1F1E4550980217674843F601 /* include_juce_audio_plugin_client_utils.cpp */ /* include_juce_audio_plugin_client_utils.cpp */ = {isa = PBXFileReference; lastKnownFileType = sourcecode.cpp.cpp; name = include_juce_audio_plugin_client_utils.cpp; path = ../../JuceLibraryCode/include_juce_audio_plugin_client_utils.cpp; sourceTree = SOURCE_ROOT; };
		1F7B1C7C824E528856AFC04D /* include_juce_audio_plugin_client_VST3.cpp */ /* include_juce_audio_plugin_client_VST3.cpp */ = {isa = PBXFileReference; lastKnownFileType = sourcecode.cpp.cpp; name = include_juce_audio_plugin_client_VST3.cpp; path = ../../JuceLibraryCode/include_juce_audio_plugin_client_VST3.cpp; sourceTree = SOURCE_ROOT; };
		2152610B0EF44B67D435B765 /* include_juce_audio_processors.mm */ /* include_juce_audio_processors.mm */ = {isa = PBXFileReference; lastKnownFileType = sourcecode.cpp.objcpp; name = include_juce_audio_processors.mm; path = ../../JuceLibraryCode/include_juce_audio_processors.mm; sourceTree = SOURCE_ROOT; };
		24123265F1C0719394AC8575 /* juce_data_structures */ /* juce_data_structures */ = {isa = PBXFileReference; lastKnownFileType = folder; name = juce_data_structures; path = "~/JUCE/modules/juce_data_structures"; sourceTree = "<absolute>"; };
		2BF8833E7B4CB4AFA1B34D03 /* PluginProcessor.cpp */ /* PluginProcessor.cpp */ = {isa = PBXFileReference; lastKnownFileType = sourcecode.cpp.cpp; name = PluginProcessor.cpp; path = ../../Source/PluginProcessor.cpp; sourceTree = SOURCE_ROOT; };
		33544E3A783F3C64D446B127 /* include_juce_gui_extra.mm */ /* include_juce_gui_extra.mm */ = {isa = PBXFileReference; lastKnownFileType = sourcecode.cpp.objcpp; name = include_juce_gui_extra.mm; path = ../../JuceLibraryCode/include_juce_gui_extra.mm; sourceTree = SOURCE_ROOT; };
		3370DAF3E8AD58A0A8BCC984 /* juce_audio_basics */ /* juce_audio_basics */ = {isa = PBXFileReference; lastKnownFileType = folder; name = juce_audio_basics; path = "~/JUCE/modules/juce_audio_basics"; sourceTree = "<absolute>"; };
		39F84E1F00263BD94AEEC0AA /* IOKit.framework */ /* IOKit.framework */ = {isa = PBXFileReference; lastKnownFileType = wrapper.framework; name = IOKit.framework; path = System/Library/Frameworks/IOKit.framework; sourceTree = SDKROOT; };
		3AA74B15F50978E4404F2C12 /* juce_audio_plugin_client */ /* juce_audio_plugin_client */ = {isa = PBXFileReference; lastKnownFileType = folder; name = juce_audio_plugin_client; path = "~/JUCE/modules/juce_audio_plugin_client"; sourceTree = "<absolute>"; };
		4017904FEF3D702B894E5970 /* juce_audio_devices */ /* juce_audio_devices */ = {isa = PBXFileReference; lastKnownFileType = folder; name = juce_audio_devices; path = "~/JUCE/modules/juce_audio_devices"; sourceTree = "<absolute>"; };
		4D34094D2FAE2D21BBFAE881 /* background.png */ /* background.png */ = {isa = PBXFileReference; lastKnownFileType = image.png; name = background.png; path = ../../Resources/background.png; sourceTree = SOURCE_ROOT; };
		4ECF48AD04022AC6F1A0BE23 /* AudioUnit.framework */ /* AudioUnit.framework */ = {isa = PBXFileReference; lastKnownFileType = wrapper.framework; name = AudioUnit.framework; path = System/Library/Frameworks/AudioUnit.framework; sourceTree = SDKROOT; };
		55A8918E0AF47EBA8BA53F5B /* Accelerate.framework */ /* Accelerate.framework */ = {isa = PBXFileReference; lastKnownFileType = wrapper.framework; name = Accelerate.framework; path = System/Library/Frameworks/Accelerate.framework; sourceTree = SDKROOT; };
		58C21C7BAA630A5BAB01F278 /* Info-VST3.plist */ /* Info-VST3.plist */ = {isa = PBXFileReference; lastKnownFileType = text.plist.xml; name = "Info-VST3.plist"; path = "Info-VST3.plist"; sourceTree = SOURCE_ROOT; };
		5DEC8192D81F33606F676045 /* VST3 */ = {isa = PBXFileReference; explicitFileType = wrapper.cfbundle; includeInIndex = 0; path = FlanGELVS.vst3; sourceTree = BUILT_PRODUCTS_DIR; };
		5F675057C3965251C081EAD1 /* PluginEditor.h */ /* PluginEditor.h */ = {isa = PBXFileReference; lastKnownFileType = sourcecode.c.h; name = PluginEditor.h; path = ../../Source/PluginEditor.h; sourceTree = SOURCE_ROOT; };
		606BB63215A28974C9CD213A /* include_juce_dsp.mm */ /* include_juce_dsp.mm */ = {isa = PBXFileReference; lastKnownFileType = sourcecode.cpp.objcpp; name = include_juce_dsp.mm; path = ../../JuceLibraryCode/include_juce_dsp.mm; sourceTree = SOURCE_ROOT; };
		6C6059263E4D577844EA00C5 /* CoreAudioKit.framework */ /* CoreAudioKit.framework */ = {isa = PBXFileReference; lastKnownFileType = wrapper.framework; name = CoreAudioKit.framework; path = System/Library/Frameworks/CoreAudioKit.framework; sourceTree = SDKROOT; };
		6CCC83777B6324AC5BFBAD54 /* Info-AU.plist */ /* Info-AU.plist */ = {isa = PBXFileReference; lastKnownFileType = text.plist.xml; name = "Info-AU.plist"; path = "Info-AU.plist"; sourceTree = SOURCE_ROOT; };
		6EE2B1DC390E9477DFAE3ACE /* include_juce_core.mm */ /* include_juce_core.mm */ = {isa = PBXFileReference; lastKnownFileType = sourcecode.cpp.objcpp; name = include_juce_core.mm; path = ../../JuceLibraryCode/include_juce_core.mm; sourceTree = SOURCE_ROOT; };
		7B02CEEBDA83CFABE41B8BE7 /* BinaryData.h */ /* BinaryData.h */ = {isa = PBXFileReference; lastKnownFileType = sourcecode.c.h; name = BinaryData.h; path = ../../JuceLibraryCode/BinaryData.h; sourceTree = SOURCE_ROOT; };
		85C86DA1BC651531566809A2 /* include_juce_audio_formats.mm */ /* include_juce_audio_formats.mm */ = {isa = PBXFileReference; lastKnownFileType = sourcecode.cpp.objcpp; name = include_juce_audio_formats.mm; path = ../../JuceLibraryCode/include_juce_audio_formats.mm; sourceTree = SOURCE_ROOT; };
		862684E2A8B4FA84CA67F4A9 /* AudioToolbox.framework */ /* AudioToolbox.framework */ = {isa = PBXFileReference; lastKnownFileType = wrapper.framework; name = AudioToolbox.framework; path = System/Library/Frameworks/AudioToolbox.framework; sourceTree = SDKROOT; };
		9CD6711D84BB7C2F4D0D5108 /* WebKit.framework */ /* WebKit.framework */ = {isa = PBXFileReference; lastKnownFileType = wrapper.framework; name = WebKit.framework; path = System/Library/Frameworks/WebKit.framework; sourceTree = SDKROOT; };
		9D4AECEE40836B5F223737A0 /* Info-Standalone_Plugin.plist */ /* Info-Standalone_Plugin.plist */ = {isa = PBXFileReference; lastKnownFileType = text.plist.xml; name = "Info-Standalone_Plugin.plist"; path = "Info-Standalone_Plugin.plist"; sourceTree = SOURCE_ROOT; };
		9F73BC6738DF73066086BE56 /* juce_events */ /* juce_events */ = {isa = PBXFileReference; lastKnownFileType = folder; name = juce_events; path = "~/JUCE/modules/juce_events"; sourceTree = "<absolute>"; };
		A3DD0ABEE40457F9D7567A0B /* AU */ = {isa = PBXFileReference; explicitFileType = wrapper.cfbundle; includeInIndex = 0; path = FlanGELVS.component; sourceTree = BUILT_PRODUCTS_DIR; };
		A6F1BD21FC2FB2723F5454B9 /* Cocoa.framework */ /* Cocoa.framework */ = {isa = PBXFileReference; lastKnownFileType = wrapper.framework; name = Cocoa.framework; path = System/Library/Frameworks/Cocoa.framework; sourceTree = SDKROOT; };
		A7DD094760B9467EB6DC5550 /* include_juce_data_structures.mm */ /* include_juce_data_structures.mm */ = {isa = PBXFileReference; lastKnownFileType = sourcecode.cpp.objcpp; name = include_juce_data_structures.mm; path = ../../JuceLibraryCode/include_juce_data_structures.mm; sourceTree = SOURCE_ROOT; };
		ADEDF9A2F488D8F064C137A2 /* include_juce_gui_basics.mm */ /* include_juce_gui_basics.mm */ = {isa = PBXFileReference; lastKnownFileType = sourcecode.cpp.objcpp; name = include_juce_gui_basics.mm; path = ../../JuceLibraryCode/include_juce_gui_basics.mm; sourceTree = SOURCE_ROOT; };
		B6FD8E6F13A17E3945941FD8 /* CoreMIDI.framework */ /* CoreMIDI.framework */ = {isa = PBXFileReference; lastKnownFileType = wrapper.framework; name = CoreMIDI.framework; path = System/Library/Frameworks/CoreMIDI.framework; sourceTree = SDKROOT; };
		BD3B34CE5C5FD92BFCA2FAA3 /* juce_core */ /* juce_core */ = {isa = PBXFileReference; lastKnownFileType = folder; name = juce_core; path = "~/JUCE/modules/juce_core"; sourceTree = "<absolute>"; };
		C5FE78C140D93DB467DE031E /* include_juce_audio_devices.mm */ /* include_juce_audio_devices.mm */ = {isa = PBXFileReference; lastKnownFileType = sourcecode.cpp.objcpp; name = include_juce_audio_devices.mm; path = ../../JuceLibraryCode/include_juce_audio_devices.mm; sourceTree = SOURCE_ROOT; };
		CA4D055EB54EDB834B94E8E9 /* include_juce_events.mm */ /* include_juce_events.mm */ = {isa = PBXFileReference; lastKnownFileType = sourcecode.cpp.objcpp; name = include_juce_events.mm; path = ../../JuceLibraryCode/include_juce_events.mm; sourceTree = SOURCE_ROOT; };
		CB9B77A3FBC21EF9B463FA0A /* include_juce_audio_plugin_client_VST_utils.mm */ /* include_juce_audio_plugin_client_VST_utils.mm */ = {isa = PBXFileReference; lastKnownFileType = sourcecode.cpp.objcpp; name = include_juce_audio_plugin_client_VST_utils.mm; path = ../../JuceLibraryCode/include_juce_audio_plugin_client_VST_utils.mm; sourceTree = SOURCE_ROOT; };
		CD772526E4C4495E1282BE36 /* JuceHeader.h */ /* JuceHeader.h */ = {isa = PBXFileReference; lastKnownFileType = sourcecode.c.h; name = JuceHeader.h; path = ../../JuceLibraryCode/JuceHeader.h; sourceTree = SOURCE_ROOT; };
		D3F7C4ED25537D38FB2AEA7E /* include_juce_audio_plugin_client_Standalone.cpp */ /* include_juce_audio_plugin_client_Standalone.cpp */ = {isa = PBXFileReference; lastKnownFileType = sourcecode.cpp.cpp; name = include_juce_audio_plugin_client_Standalone.cpp; path = ../../JuceLibraryCode/include_juce_audio_plugin_client_Standalone.cpp; sourceTree = SOURCE_ROOT; };
		D5AC8A8493F2CDFD7FFC12EB /* QuartzCore.framework */ /* QuartzCore.framework */ = {isa = PBXFileReference; lastKnownFileType = wrapper.framework; name = QuartzCore.framework; path = System/Library/Frameworks/QuartzCore.framework; sourceTree = SDKROOT; };
		D6E2F5246E47823D4B5F5BB5 /* juce_osc */ /* juce_osc */ = {isa = PBXFileReference; lastKnownFileType = folder; name = juce_osc; path = "~/JUCE/modules/juce_osc"; sourceTree = "<absolute>"; };
		D75BAFDD53A2804809C6C259 /* include_juce_audio_plugin_client_AU.r */ /* include_juce_audio_plugin_client_AU.r */ = {isa = PBXFileReference; lastKnownFileType = file.r; name = include_juce_audio_plugin_client_AU.r; path = ../../JuceLibraryCode/include_juce_audio_plugin_client_AU.r; sourceTree = SOURCE_ROOT; };
		D9F8133AD60EF179F79547BA /* JucePluginDefines.h */ /* JucePluginDefines.h */ = {isa = PBXFileReference; lastKnownFileType = sourcecode.c.h; name = JucePluginDefines.h; path = ../../JuceLibraryCode/JucePluginDefines.h; sourceTree = SOURCE_ROOT; };
		DF6AFAD0C1DF504330B8D767 /* include_juce_audio_plugin_client_AU_1.mm */ /* include_juce_audio_plugin_client_AU_1.mm */ = {isa = PBXFileReference; lastKnownFileType = sourcecode.cpp.objcpp; name = include_juce_audio_plugin_client_AU_1.mm; path = ../../JuceLibraryCode/include_juce_audio_plugin_client_AU_1.mm; sourceTree = SOURCE_ROOT; };
		EF350424EC6B320AB3FCFA14 /* Shared Code */ = {isa = PBXFileReference; explicitFileType = archive.ar; includeInIndex = 0; path = libFlanGELVS.a; sourceTree = BUILT_PRODUCTS_DIR; };
		F062D1A9EE9C4114427FA357 /* Foundation.framework */ /* Foundation.framework */ = {isa = PBXFileReference; lastKnownFileType = wrapper.framework; name = Foundation.framework; path = System/Library/Frameworks/Foundation.framework; sourceTree = SDKROOT; };
		F1DC6EF00A1B69753CF2CB3C /* CoreAudio.framework */ /* CoreAudio.framework */ = {isa = PBXFileReference; lastKnownFileType = wrapper.framework; name = CoreAudio.framework; path = System/Library/Frameworks/CoreAudio.framework; sourceTree = SDKROOT; };
		F514134385F95C894310C40A /* include_juce_audio_utils.mm */ /* include_juce_audio_utils.mm */ = {isa = PBXFileReference; lastKnownFileType = sourcecode.cpp.objcpp; name = include_juce_audio_utils.mm; path = ../../JuceLibraryCode/include_juce_audio_utils.mm; sourceTree = SOURCE_ROOT; };
		F84BC457A230145B680F187D /* include_juce_osc.cpp */ /* include_juce_osc.cpp */ = {isa = PBXFileReference; lastKnownFileType = sourcecode.cpp.cpp; name = include_juce_osc.cpp; path = ../../JuceLibraryCode/include_juce_osc.cpp; sourceTree = SOURCE_ROOT; };
/* End PBXFileReference section */

/* Begin PBXFrameworksBuildPhase section */
		02EFF3D50EBA7413572F5587 = {
			isa = PBXFrameworksBuildPhase;
			buildActionMask = 2147483647;
			files = (
				6D10AE2665A05C6794269312,
				203D6A65703BB6CB924441F9,
				2A475B460429288FE159D79E,
				ED54746DB28B58CBD93EE173,
				FFBB36DE5DD313D90E947CC0,
				5B5F32ED1E5101E442D1C1B7,
				8434C5474F16F98B2A230BFC,
				955BB5AE606F482FB148B933,
				233D5AA43D7AC011DEC27B46,
				E84913A9CE898354A95EC1F4,
				7E667BE8BCAC053632EC92EC,
				5C479DB714D0AD7C3F5E28EC,
			);
			runOnlyForDeploymentPostprocessing = 0;
		};
		1C2A055A934E678FC3C5F0F1 = {
			isa = PBXFrameworksBuildPhase;
			buildActionMask = 2147483647;
			files = (
				6D10AE2665A05C6794269312,
				203D6A65703BB6CB924441F9,
				2A475B460429288FE159D79E,
				ED54746DB28B58CBD93EE173,
				FFBB36DE5DD313D90E947CC0,
				5B5F32ED1E5101E442D1C1B7,
				8434C5474F16F98B2A230BFC,
				955BB5AE606F482FB148B933,
				233D5AA43D7AC011DEC27B46,
				E84913A9CE898354A95EC1F4,
				7E667BE8BCAC053632EC92EC,
				5C479DB714D0AD7C3F5E28EC,
			);
			runOnlyForDeploymentPostprocessing = 0;
		};
		48EA887B40DF60D68DB7BAF4 = {
			isa = PBXFrameworksBuildPhase;
			buildActionMask = 2147483647;
			files = (
				BF997BF6A403862629B0BA14,
				6D10AE2665A05C6794269312,
				203D6A65703BB6CB924441F9,
				2A475B460429288FE159D79E,
				ED54746DB28B58CBD93EE173,
				FFBB36DE5DD313D90E947CC0,
				5B5F32ED1E5101E442D1C1B7,
				8434C5474F16F98B2A230BFC,
				955BB5AE606F482FB148B933,
				233D5AA43D7AC011DEC27B46,
				E84913A9CE898354A95EC1F4,
				7E667BE8BCAC053632EC92EC,
				5C479DB714D0AD7C3F5E28EC,
			);
			runOnlyForDeploymentPostprocessing = 0;
		};
/* End PBXFrameworksBuildPhase section */

/* Begin PBXGroup section */
		1121BF9297256F3C4164843B /* Resources */ = {
			isa = PBXGroup;
			children = (
				4D34094D2FAE2D21BBFAE881,
			);
			name = Resources;
			sourceTree = "<group>";
		};
		198DEBF7B66E50DF7C381524 /* Products */ = {
			isa = PBXGroup;
			children = (
				5DEC8192D81F33606F676045,
				A3DD0ABEE40457F9D7567A0B,
				0169DB2AC56490552E5A6CCB,
				EF350424EC6B320AB3FCFA14,
			);
			name = Products;
			sourceTree = "<group>";
		};
		1991870ACDEEE881146615AF /* FlanGELVS */ = {
			isa = PBXGroup;
			children = (
				1121BF9297256F3C4164843B,
				2D13FA1B0EB79A205E9C5047,
			);
			name = FlanGELVS;
			sourceTree = "<group>";
		};
		2D13FA1B0EB79A205E9C5047 /* Source */ = {
			isa = PBXGroup;
			children = (
				2BF8833E7B4CB4AFA1B34D03,
				1AF01906D01B1E7ECC5E9421,
				0A8BBE62BC145738691EF0CC,
				5F675057C3965251C081EAD1,
			);
			name = Source;
			sourceTree = "<group>";
		};
		50BA8EEB17506642AF0AA9C3 /* JUCE Library Code */ = {
			isa = PBXGroup;
			children = (
				0787AA03DA208F76402DCE82,
				7B02CEEBDA83CFABE41B8BE7,
				1E729A809BD1DEEF96197989,
				C5FE78C140D93DB467DE031E,
				85C86DA1BC651531566809A2,
				D75BAFDD53A2804809C6C259,
				DF6AFAD0C1DF504330B8D767,
				1B6FDE4A2D2BC2EDB7D0AD52,
				D3F7C4ED25537D38FB2AEA7E,
				1F1E4550980217674843F601,
				CB9B77A3FBC21EF9B463FA0A,
				1F7B1C7C824E528856AFC04D,
				2152610B0EF44B67D435B765,
				F514134385F95C894310C40A,
				6EE2B1DC390E9477DFAE3ACE,
				A7DD094760B9467EB6DC5550,
				606BB63215A28974C9CD213A,
				CA4D055EB54EDB834B94E8E9,
				11CD7E6608A4B2BFC6536C2C,
				ADEDF9A2F488D8F064C137A2,
				33544E3A783F3C64D446B127,
				F84BC457A230145B680F187D,
				CD772526E4C4495E1282BE36,
				D9F8133AD60EF179F79547BA,
			);
			name = "JUCE Library Code";
			sourceTree = "<group>";
		};
		5D78F708A215258288A9B051 /* Source */ = {
			isa = PBXGroup;
			children = (
				1991870ACDEEE881146615AF,
				EBFF544106229BD38D3D23DA,
				50BA8EEB17506642AF0AA9C3,
				FAC345E8B4D4B1C348F35AB7,
				6AC70DBE2BDD1670DBD1A3E3,
				198DEBF7B66E50DF7C381524,
			);
			name = Source;
			sourceTree = "<group>";
		};
		6AC70DBE2BDD1670DBD1A3E3 /* Frameworks */ = {
			isa = PBXGroup;
			children = (
				4ECF48AD04022AC6F1A0BE23,
				55A8918E0AF47EBA8BA53F5B,
				862684E2A8B4FA84CA67F4A9,
				023801C78051F8C425E3D171,
				A6F1BD21FC2FB2723F5454B9,
				F1DC6EF00A1B69753CF2CB3C,
				6C6059263E4D577844EA00C5,
				B6FD8E6F13A17E3945941FD8,
				047371F1AA9D1F4375B4BB38,
				F062D1A9EE9C4114427FA357,
				39F84E1F00263BD94AEEC0AA,
				D5AC8A8493F2CDFD7FFC12EB,
				9CD6711D84BB7C2F4D0D5108,
			);
			name = Frameworks;
			sourceTree = "<group>";
		};
		EBFF544106229BD38D3D23DA /* JUCE Modules */ = {
			isa = PBXGroup;
			children = (
				3370DAF3E8AD58A0A8BCC984,
				4017904FEF3D702B894E5970,
				178AC1AFC7C250098986027B,
				3AA74B15F50978E4404F2C12,
				05CD39B2B271A9FBC1F6B461,
				1C3F82E519C9E832755CAD0C,
				BD3B34CE5C5FD92BFCA2FAA3,
				24123265F1C0719394AC8575,
				09EAB3153A25129C78B3F5C9,
				9F73BC6738DF73066086BE56,
				0108B7E53339DE9CF2F32B50,
				19FC082B7805E52D28F00C3A,
				0E9D0CF3CE9D283C76BAC25B,
				D6E2F5246E47823D4B5F5BB5,
			);
			name = "JUCE Modules";
			sourceTree = "<group>";
		};
		FAC345E8B4D4B1C348F35AB7 /* Resources */ = {
			isa = PBXGroup;
			children = (
				58C21C7BAA630A5BAB01F278,
				6CCC83777B6324AC5BFBAD54,
				9D4AECEE40836B5F223737A0,
				0D69739D56673C7DD30F5178,
			);
			name = Resources;
			sourceTree = "<group>";
		};
/* End PBXGroup section */

/* Begin PBXNativeTarget section */
		286A497C09B9C38B63636943 /* FlanGELVS - AU */ = {
			isa = PBXNativeTarget;
			buildConfigurationList = 21EA3183AD45CE98BF3F12A4;
			buildPhases = (
				4893F41FA4D713B58B5476F1,
				810189BB7D72EB34AD596090,
				878867DCB390DE57C14114F0,
				48EA887B40DF60D68DB7BAF4,
			);
			buildRules = (
			);
			dependencies = (
				69353D29741C66ECCE6FC084,
			);
			name = "FlanGELVS - AU";
			productName = FlanGELVS;
			productReference = A3DD0ABEE40457F9D7567A0B;
			productType = "com.apple.product-type.bundle";
		};
		685290B46953C61664E1E9B1 /* FlanGELVS - Shared Code */ = {
			isa = PBXNativeTarget;
			buildConfigurationList = A82C016A6949ECBA527E4292;
			buildPhases = (
				6357FB8946BE56465C772080,
			);
			buildRules = (
			);
			dependencies = (
			);
			name = "FlanGELVS - Shared Code";
			productName = FlanGELVS;
			productReference = EF350424EC6B320AB3FCFA14;
			productType = "com.apple.product-type.library.static";
		};
		8F847B6953ED0A3073EDFE20 /* FlanGELVS - VST3 */ = {
			isa = PBXNativeTarget;
			buildConfigurationList = E5E76D10ABE673B2EFF87795;
			buildPhases = (
				0FE4CDAB15134FDC5156FEDB,
				AACA931359C1BFC43851C76B,
				02EFF3D50EBA7413572F5587,
			);
			buildRules = (
			);
			dependencies = (
				4B0ED57BB346843CCAA7AF5B,
			);
			name = "FlanGELVS - VST3";
			productName = FlanGELVS;
			productReference = 5DEC8192D81F33606F676045;
			productType = "com.apple.product-type.bundle";
		};
		C7688CC656F632926D9A1A4E /* FlanGELVS - Standalone Plugin */ = {
			isa = PBXNativeTarget;
			buildConfigurationList = A6507B9159A8F5CC016C02D1;
			buildPhases = (
				A6206E219CDF245686E1AE9F,
				AA3725BF364E935334DC2E9F,
				1C2A055A934E678FC3C5F0F1,
			);
			buildRules = (
			);
			dependencies = (
				E6ED2E5BE8CA641405814AB4,
			);
			name = "FlanGELVS - Standalone Plugin";
			productName = FlanGELVS;
			productReference = 0169DB2AC56490552E5A6CCB;
			productType = "com.apple.product-type.application";
		};
/* End PBXNativeTarget section */

/* Begin PBXProject section */
		86AF7749EE9F1A83C39EABF7 = {
			isa = PBXProject;
			attributes = {
				LastUpgradeCheck = 1320;
				ORGANIZATIONNAME = "";
				TargetAttributes = {
					286A497C09B9C38B63636943 = {
						SystemCapabilities = {
							com.apple.ApplicationGroups.iOS = {
								enabled = 0;
							};
							com.apple.HardenedRuntime = {
								enabled = 0;
							};
							com.apple.InAppPurchase = {
								enabled = 0;
							};
							com.apple.InterAppAudio = {
								enabled = 0;
							};
							com.apple.Push = {
								enabled = 0;
							};
							com.apple.Sandbox = {
								enabled = 0;
							};
						};
					};
					299A51313AF710F7F47B827C = {
						SystemCapabilities = {
							com.apple.ApplicationGroups.iOS = {
								enabled = 0;
							};
							com.apple.HardenedRuntime = {
								enabled = 0;
							};
							com.apple.InAppPurchase = {
								enabled = 0;
							};
							com.apple.InterAppAudio = {
								enabled = 0;
							};
							com.apple.Push = {
								enabled = 0;
							};
							com.apple.Sandbox = {
								enabled = 0;
							};
						};
					};
					685290B46953C61664E1E9B1 = {
						SystemCapabilities = {
							com.apple.ApplicationGroups.iOS = {
								enabled = 0;
							};
							com.apple.HardenedRuntime = {
								enabled = 0;
							};
							com.apple.InAppPurchase = {
								enabled = 0;
							};
							com.apple.InterAppAudio = {
								enabled = 0;
							};
							com.apple.Push = {
								enabled = 0;
							};
							com.apple.Sandbox = {
								enabled = 0;
							};
						};
					};
					8F847B6953ED0A3073EDFE20 = {
						SystemCapabilities = {
							com.apple.ApplicationGroups.iOS = {
								enabled = 0;
							};
							com.apple.HardenedRuntime = {
								enabled = 0;
							};
							com.apple.InAppPurchase = {
								enabled = 0;
							};
							com.apple.InterAppAudio = {
								enabled = 0;
							};
							com.apple.Push = {
								enabled = 0;
							};
							com.apple.Sandbox = {
								enabled = 0;
							};
						};
					};
					C7688CC656F632926D9A1A4E = {
						SystemCapabilities = {
							com.apple.ApplicationGroups.iOS = {
								enabled = 0;
							};
							com.apple.HardenedRuntime = {
								enabled = 0;
							};
							com.apple.InAppPurchase = {
								enabled = 0;
							};
							com.apple.InterAppAudio = {
								enabled = 0;
							};
							com.apple.Push = {
								enabled = 0;
							};
							com.apple.Sandbox = {
								enabled = 0;
							};
						};
					};
				};
			};
			buildConfigurationList = D12103A5306B5E23A7B5D23C;
			compatibilityVersion = "Xcode 3.2";
			hasScannedForEncodings = 0;
			knownRegions = (
				en,
				Base,
			);
			mainGroup = 5D78F708A215258288A9B051;
			projectDirPath = "";
			projectRoot = "";
			targets = (
				299A51313AF710F7F47B827C,
				8F847B6953ED0A3073EDFE20,
				286A497C09B9C38B63636943,
				C7688CC656F632926D9A1A4E,
				685290B46953C61664E1E9B1,
			);
		};
/* End PBXProject section */

/* Begin PBXResourcesBuildPhase section */
		0FE4CDAB15134FDC5156FEDB = {
			isa = PBXResourcesBuildPhase;
			buildActionMask = 2147483647;
			files = (
				E525223B97E893359B4B7154,
			);
			runOnlyForDeploymentPostprocessing = 0;
		};
		4893F41FA4D713B58B5476F1 = {
			isa = PBXResourcesBuildPhase;
			buildActionMask = 2147483647;
			files = (
				E525223B97E893359B4B7154,
			);
			runOnlyForDeploymentPostprocessing = 0;
		};
		A6206E219CDF245686E1AE9F = {
			isa = PBXResourcesBuildPhase;
			buildActionMask = 2147483647;
			files = (
				E525223B97E893359B4B7154,
			);
			runOnlyForDeploymentPostprocessing = 0;
		};
/* End PBXResourcesBuildPhase section */

/* Begin PBXRezBuildPhase section */
		810189BB7D72EB34AD596090 = {
			isa = PBXRezBuildPhase;
			buildActionMask = 2147483647;
			files = (
				3F2A78228A7214A5E02EDE60,
			);
			runOnlyForDeploymentPostprocessing = 0;
		};
/* End PBXRezBuildPhase section */

/* Begin PBXSourcesBuildPhase section */
		6357FB8946BE56465C772080 = {
			isa = PBXSourcesBuildPhase;
			buildActionMask = 2147483647;
			files = (
				C28692A9497D10B2649597DF,
				CA0C84D09D9D402DC822208F,
				A8EB25720E260021946B4BB3,
				3550757D01D1210AF966376A,
				3BA057A8BF367CF108488287,
				A7CFF95C6B3117A870ABB0A5,
				243FBD216C220FE4A9B0D4C3,
				F8B4515DD33C87A58FC079F1,
				F79CF045E74B97B3CDD10FCB,
				12ACA94BA3C5956E6AE66098,
				C4D2BA57FC981D9ABB704F51,
				8543256AC10B5D0ECB4535BE,
				784D779DA3B8DFC65CEE9803,
				0606D659B9BDD03856B794EC,
				4F3567B7E86B7AB20B36675F,
				15AEC8AEE974D512F38082AD,
				FBE48231E234003F55887CD1,
				489DFF24B8E872546EDB806F,
			);
			runOnlyForDeploymentPostprocessing = 0;
		};
		878867DCB390DE57C14114F0 = {
			isa = PBXSourcesBuildPhase;
			buildActionMask = 2147483647;
			files = (
				CE758D36D0C5B1818F96DD42,
				85FBB578579833B8A1335CDF,
			);
			runOnlyForDeploymentPostprocessing = 0;
		};
		AA3725BF364E935334DC2E9F = {
			isa = PBXSourcesBuildPhase;
			buildActionMask = 2147483647;
			files = (
				8B831FE2A926A471613E58CE,
			);
			runOnlyForDeploymentPostprocessing = 0;
		};
		AACA931359C1BFC43851C76B = {
			isa = PBXSourcesBuildPhase;
			buildActionMask = 2147483647;
			files = (
				A16E97F4E8DA1B27D6FDB871,
			);
			runOnlyForDeploymentPostprocessing = 0;
		};
/* End PBXSourcesBuildPhase section */

/* Begin PBXTargetDependency section */
		3E318589EE8B92F7E0284837 = {
			isa = PBXTargetDependency;
			target = 286A497C09B9C38B63636943;
		};
		4B0ED57BB346843CCAA7AF5B = {
			isa = PBXTargetDependency;
			target = 685290B46953C61664E1E9B1;
		};
		4B6F0599FBAD84B281D37A55 = {
			isa = PBXTargetDependency;
			target = 685290B46953C61664E1E9B1;
		};
		69353D29741C66ECCE6FC084 = {
			isa = PBXTargetDependency;
			target = 685290B46953C61664E1E9B1;
		};
		7DAA534BB00BB00C41CB36C5 = {
			isa = PBXTargetDependency;
			target = 8F847B6953ED0A3073EDFE20;
		};
		B36D0A2AAD20E3475F7294A7 = {
			isa = PBXTargetDependency;
			target = C7688CC656F632926D9A1A4E;
		};
		E6ED2E5BE8CA641405814AB4 = {
			isa = PBXTargetDependency;
			target = 685290B46953C61664E1E9B1;
		};
/* End PBXTargetDependency section */

/* Begin XCBuildConfiguration section */
		0BC7129559BEF283FEE2D82B /* Release */ = {
			isa = XCBuildConfiguration;
			buildSettings = {
				CLANG_CXX_LANGUAGE_STANDARD = "c++14";
				CLANG_CXX_LIBRARY = "libc++";
				CLANG_LINK_OBJC_RUNTIME = NO;
				CODE_SIGN_IDENTITY = "";
				COMBINE_HIDPI_IMAGES = YES;
				CONFIGURATION_BUILD_DIR = "$(PROJECT_DIR)/build/$(CONFIGURATION)";
				DEAD_CODE_STRIPPING = YES;
				EXCLUDED_ARCHS = "";
				GCC_GENERATE_DEBUGGING_SYMBOLS = NO;
				GCC_OPTIMIZATION_LEVEL = 3;
				GCC_PREPROCESSOR_DEFINITIONS = (
					"_NDEBUG=1",
					"NDEBUG=1",
					"JUCE_DISPLAY_SPLASH_SCREEN=0",
					"JUCE_USE_DARK_SPLASH_SCREEN=1",
					"JUCE_PROJUCER_VERSION=0x60105",
					"JUCE_MODULE_AVAILABLE_juce_audio_basics=1",
					"JUCE_MODULE_AVAILABLE_juce_audio_devices=1",
					"JUCE_MODULE_AVAILABLE_juce_audio_formats=1",
					"JUCE_MODULE_AVAILABLE_juce_audio_plugin_client=1",
					"JUCE_MODULE_AVAILABLE_juce_audio_processors=1",
					"JUCE_MODULE_AVAILABLE_juce_audio_utils=1",
					"JUCE_MODULE_AVAILABLE_juce_core=1",
					"JUCE_MODULE_AVAILABLE_juce_data_structures=1",
					"JUCE_MODULE_AVAILABLE_juce_dsp=1",
					"JUCE_MODULE_AVAILABLE_juce_events=1",
					"JUCE_MODULE_AVAILABLE_juce_graphics=1",
					"JUCE_MODULE_AVAILABLE_juce_gui_basics=1",
					"JUCE_MODULE_AVAILABLE_juce_gui_extra=1",
					"JUCE_MODULE_AVAILABLE_juce_osc=1",
					"JUCE_GLOBAL_MODULE_SETTINGS_INCLUDED=1",
					"JUCE_VST3_CAN_REPLACE_VST2=0",
					"JUCE_STRICT_REFCOUNTEDPOINTER=1",
					"JucePlugin_Build_VST=0",
					"JucePlugin_Build_VST3=1",
					"JucePlugin_Build_AU=1",
					"JucePlugin_Build_AUv3=0",
					"JucePlugin_Build_RTAS=0",
					"JucePlugin_Build_AAX=0",
					"JucePlugin_Build_Standalone=1",
					"JucePlugin_Build_Unity=0",
					"JucePlugin_Enable_IAA=0",
					"JucePlugin_Name=\\\"FlanGELVS\\\"",
					"JucePlugin_Desc=\\\"FlanGELVS\\\"",
					"JucePlugin_Manufacturer=\\\"GELVS-CMLS-PoliMI\\\"",
					"JucePlugin_ManufacturerWebsite=\\\"\\\"",
					"JucePlugin_ManufacturerEmail=\\\"\\\"",
					"JucePlugin_ManufacturerCode=0x4d616e75",
					"JucePlugin_PluginCode=0x55367873",
					"JucePlugin_IsSynth=0",
					"JucePlugin_WantsMidiInput=1",
					"JucePlugin_ProducesMidiOutput=1",
					"JucePlugin_IsMidiEffect=0",
					"JucePlugin_EditorRequiresKeyboardFocus=0",
					"JucePlugin_Version=1.0.0",
					"JucePlugin_VersionCode=0x10000",
					"JucePlugin_VersionString=\\\"1.0.0\\\"",
					"JucePlugin_VSTUniqueID=JucePlugin_PluginCode",
					"JucePlugin_VSTCategory=kPlugCategEffect",
					"JucePlugin_Vst3Category=\\\"Fx\\\"",
					"JucePlugin_AUMainType=\\'aumf\\'",
					"JucePlugin_AUSubType=JucePlugin_PluginCode",
					"JucePlugin_AUExportPrefix=FlanGELVSAU",
					"JucePlugin_AUExportPrefixQuoted=\\\"FlanGELVSAU\\\"",
					"JucePlugin_AUManufacturerCode=JucePlugin_ManufacturerCode",
					"JucePlugin_CFBundleIdentifier=com.yourcompany.FlanGELVS",
					"JucePlugin_RTASCategory=0",
					"JucePlugin_RTASManufacturerCode=JucePlugin_ManufacturerCode",
					"JucePlugin_RTASProductId=JucePlugin_PluginCode",
					"JucePlugin_RTASDisableBypass=0",
					"JucePlugin_RTASDisableMultiMono=0",
					"JucePlugin_AAXIdentifier=com.yourcompany.FlanGELVS",
					"JucePlugin_AAXManufacturerCode=JucePlugin_ManufacturerCode",
					"JucePlugin_AAXProductId=JucePlugin_PluginCode",
					"JucePlugin_AAXCategory=0",
					"JucePlugin_AAXDisableBypass=0",
					"JucePlugin_AAXDisableMultiMono=0",
					"JucePlugin_IAAType=0x6175726d",
					"JucePlugin_IAASubType=JucePlugin_PluginCode",
					"JucePlugin_IAAName=\\\"GELVS-CMLS-PoliMI:\\ FlanGELVS\\\"",
					"JucePlugin_VSTNumMidiInputs=16",
					"JucePlugin_VSTNumMidiOutputs=16",
					"JUCE_STANDALONE_APPLICATION=JucePlugin_Build_Standalone",
					"JUCER_XCODE_MAC_F6D2F4CF=1",
					"JUCE_APP_VERSION=1.0.0",
					"JUCE_APP_VERSION_HEX=0x10000",
					"JUCE_SHARED_CODE=1",
				);
				GCC_VERSION = com.apple.compilers.llvm.clang.1_0;
				HEADER_SEARCH_PATHS = (
					"$(HOME)/JUCE/modules/juce_audio_processors/format_types/VST3_SDK",
					"$(SRCROOT)/../../JuceLibraryCode",
					"$(HOME)/JUCE/modules",
					"$(HOME)/JUCE/modules/juce_audio_plugin_client",
					"$(inherited)",
				);
				INSTALL_PATH = "@executable_path/../Frameworks";
				LLVM_LTO = YES;
				MACOSX_DEPLOYMENT_TARGET = 10.11;
				MTL_HEADER_SEARCH_PATHS = "$(HOME)/JUCE/modules/juce_audio_processors/format_types/VST3_SDK $(SRCROOT)/../../JuceLibraryCode $(HOME)/JUCE/modules $(HOME)/JUCE/modules/juce_audio_plugin_client";
				PRODUCT_BUNDLE_IDENTIFIER = com.yourcompany.FlanGELVS;
				PRODUCT_NAME = "FlanGELVS";
				SKIP_INSTALL = YES;
				USE_HEADERMAP = NO;
				VALID_ARCHS = "i386 x86_64 arm64 arm64e";
			};
			name = Release;
		};
		2FF86D71AE72EBD2A22CB617 /* Debug */ = {
			isa = XCBuildConfiguration;
			buildSettings = {
				CLANG_CXX_LANGUAGE_STANDARD = "c++14";
				CLANG_CXX_LIBRARY = "libc++";
				CLANG_LINK_OBJC_RUNTIME = NO;
				CODE_SIGN_IDENTITY = "";
				COMBINE_HIDPI_IMAGES = YES;
				CONFIGURATION_BUILD_DIR = "$(PROJECT_DIR)/build/$(CONFIGURATION)";
				COPY_PHASE_STRIP = NO;
				DEPLOYMENT_LOCATION = YES;
				DSTROOT = /;
				EXCLUDED_ARCHS = "";
				GCC_DYNAMIC_NO_PIC = NO;
				GCC_OPTIMIZATION_LEVEL = 0;
				GCC_PREPROCESSOR_DEFINITIONS = (
					"_DEBUG=1",
					"DEBUG=1",
					"JUCE_DISPLAY_SPLASH_SCREEN=0",
					"JUCE_USE_DARK_SPLASH_SCREEN=1",
					"JUCE_PROJUCER_VERSION=0x60105",
					"JUCE_MODULE_AVAILABLE_juce_audio_basics=1",
					"JUCE_MODULE_AVAILABLE_juce_audio_devices=1",
					"JUCE_MODULE_AVAILABLE_juce_audio_formats=1",
					"JUCE_MODULE_AVAILABLE_juce_audio_plugin_client=1",
					"JUCE_MODULE_AVAILABLE_juce_audio_processors=1",
					"JUCE_MODULE_AVAILABLE_juce_audio_utils=1",
					"JUCE_MODULE_AVAILABLE_juce_core=1",
					"JUCE_MODULE_AVAILABLE_juce_data_structures=1",
					"JUCE_MODULE_AVAILABLE_juce_dsp=1",
					"JUCE_MODULE_AVAILABLE_juce_events=1",
					"JUCE_MODULE_AVAILABLE_juce_graphics=1",
					"JUCE_MODULE_AVAILABLE_juce_gui_basics=1",
					"JUCE_MODULE_AVAILABLE_juce_gui_extra=1",
					"JUCE_MODULE_AVAILABLE_juce_osc=1",
					"JUCE_GLOBAL_MODULE_SETTINGS_INCLUDED=1",
					"JUCE_VST3_CAN_REPLACE_VST2=0",
					"JUCE_STRICT_REFCOUNTEDPOINTER=1",
					"JucePlugin_Build_VST=0",
					"JucePlugin_Build_VST3=0",
					"JucePlugin_Build_AU=1",
					"JucePlugin_Build_AUv3=0",
					"JucePlugin_Build_RTAS=0",
					"JucePlugin_Build_AAX=0",
					"JucePlugin_Build_Standalone=0",
					"JucePlugin_Build_Unity=0",
					"JucePlugin_Enable_IAA=0",
					"JucePlugin_Name=\\\"FlanGELVS\\\"",
					"JucePlugin_Desc=\\\"FlanGELVS\\\"",
					"JucePlugin_Manufacturer=\\\"GELVS-CMLS-PoliMI\\\"",
					"JucePlugin_ManufacturerWebsite=\\\"\\\"",
					"JucePlugin_ManufacturerEmail=\\\"\\\"",
					"JucePlugin_ManufacturerCode=0x4d616e75",
					"JucePlugin_PluginCode=0x55367873",
					"JucePlugin_IsSynth=0",
					"JucePlugin_WantsMidiInput=1",
					"JucePlugin_ProducesMidiOutput=1",
					"JucePlugin_IsMidiEffect=0",
					"JucePlugin_EditorRequiresKeyboardFocus=0",
					"JucePlugin_Version=1.0.0",
					"JucePlugin_VersionCode=0x10000",
					"JucePlugin_VersionString=\\\"1.0.0\\\"",
					"JucePlugin_VSTUniqueID=JucePlugin_PluginCode",
					"JucePlugin_VSTCategory=kPlugCategEffect",
					"JucePlugin_Vst3Category=\\\"Fx\\\"",
					"JucePlugin_AUMainType=\\'aumf\\'",
					"JucePlugin_AUSubType=JucePlugin_PluginCode",
					"JucePlugin_AUExportPrefix=FlanGELVSAU",
					"JucePlugin_AUExportPrefixQuoted=\\\"FlanGELVSAU\\\"",
					"JucePlugin_AUManufacturerCode=JucePlugin_ManufacturerCode",
					"JucePlugin_CFBundleIdentifier=com.yourcompany.FlanGELVS",
					"JucePlugin_RTASCategory=0",
					"JucePlugin_RTASManufacturerCode=JucePlugin_ManufacturerCode",
					"JucePlugin_RTASProductId=JucePlugin_PluginCode",
					"JucePlugin_RTASDisableBypass=0",
					"JucePlugin_RTASDisableMultiMono=0",
					"JucePlugin_AAXIdentifier=com.yourcompany.FlanGELVS",
					"JucePlugin_AAXManufacturerCode=JucePlugin_ManufacturerCode",
					"JucePlugin_AAXProductId=JucePlugin_PluginCode",
					"JucePlugin_AAXCategory=0",
					"JucePlugin_AAXDisableBypass=0",
					"JucePlugin_AAXDisableMultiMono=0",
					"JucePlugin_IAAType=0x6175726d",
					"JucePlugin_IAASubType=JucePlugin_PluginCode",
					"JucePlugin_IAAName=\\\"GELVS-CMLS-PoliMI:\\ FlanGELVS\\\"",
					"JucePlugin_VSTNumMidiInputs=16",
					"JucePlugin_VSTNumMidiOutputs=16",
					"JUCE_STANDALONE_APPLICATION=JucePlugin_Build_Standalone",
					"JUCER_XCODE_MAC_F6D2F4CF=1",
					"JUCE_APP_VERSION=1.0.0",
					"JUCE_APP_VERSION_HEX=0x10000",
				);
				GCC_VERSION = com.apple.compilers.llvm.clang.1_0;
				GENERATE_PKGINFO_FILE = YES;
				HEADER_SEARCH_PATHS = (
					"$(HOME)/JUCE/modules/juce_audio_processors/format_types/VST3_SDK",
					"$(SRCROOT)/../../JuceLibraryCode",
					"$(HOME)/JUCE/modules",
					"$(HOME)/JUCE/modules/juce_audio_plugin_client",
					"$(inherited)",
				);
				INFOPLIST_FILE = Info-AU.plist;
				INFOPLIST_PREPROCESS = NO;
				INSTALL_PATH = "$(HOME)/Library/Audio/Plug-Ins/Components/";
				LIBRARY_STYLE = Bundle;
				MACOSX_DEPLOYMENT_TARGET = 10.11;
				MTL_HEADER_SEARCH_PATHS = "$(HOME)/JUCE/modules/juce_audio_processors/format_types/VST3_SDK $(SRCROOT)/../../JuceLibraryCode $(HOME)/JUCE/modules $(HOME)/JUCE/modules/juce_audio_plugin_client";
				OTHER_LDFLAGS = "-bundle -lFlanGELVS";
				OTHER_REZFLAGS = "-d ppc_$ppc -d i386_$i386 -d ppc64_$ppc64 -d x86_64_$x86_64 -d arm64_$arm64 -I /System/Library/Frameworks/CoreServices.framework/Frameworks/CarbonCore.framework/Versions/A/Headers -I \"$(DEVELOPER_DIR)/Extras/CoreAudio/AudioUnits/AUPublic/AUBase\" -I \"$(DEVELOPER_DIR)/Platforms/MacOSX.platform/Developer/SDKs/MacOSX.sdk/System/Library/Frameworks/AudioUnit.framework/Headers\"";
				PRODUCT_BUNDLE_IDENTIFIER = com.yourcompany.FlanGELVS;
				PRODUCT_NAME = "FlanGELVS";
				USE_HEADERMAP = NO;
				VALID_ARCHS = "i386 x86_64 arm64 arm64e";
				WRAPPER_EXTENSION = component;
			};
			name = Debug;
		};
		32FF30DB5EA66CB4B32CB206 /* Debug */ = {
			isa = XCBuildConfiguration;
			buildSettings = {
				ALWAYS_SEARCH_USER_PATHS = NO;
				CLANG_ENABLE_OBJC_WEAK = YES;
				CLANG_WARN_BLOCK_CAPTURE_AUTORELEASING = YES;
				CLANG_WARN_BOOL_CONVERSION = YES;
				CLANG_WARN_COMMA = YES;
				CLANG_WARN_CONSTANT_CONVERSION = YES;
				CLANG_WARN_DEPRECATED_OBJC_IMPLEMENTATIONS = YES;
				CLANG_WARN_EMPTY_BODY = YES;
				CLANG_WARN_ENUM_CONVERSION = YES;
				CLANG_WARN_INFINITE_RECURSION = YES;
				CLANG_WARN_INT_CONVERSION = YES;
				CLANG_WARN_NON_LITERAL_NULL_CONVERSION = YES;
				CLANG_WARN_OBJC_IMPLICIT_RETAIN_SELF = YES;
				CLANG_WARN_OBJC_LITERAL_CONVERSION = YES;
				CLANG_WARN_RANGE_LOOP_ANALYSIS = YES;
				CLANG_WARN_STRICT_PROTOTYPES = YES;
				CLANG_WARN_SUSPICIOUS_MOVE = YES;
				CLANG_WARN_UNREACHABLE_CODE = YES;
				CLANG_WARN__DUPLICATE_METHOD_MATCH = YES;
				CODE_SIGN_IDENTITY = "";
				DEBUG_INFORMATION_FORMAT = dwarf;
				ENABLE_STRICT_OBJC_MSGSEND = YES;
				ENABLE_TESTABILITY = NO;
				GCC_C_LANGUAGE_STANDARD = c11;
				GCC_INLINES_ARE_PRIVATE_EXTERN = YES;
				GCC_MODEL_TUNING = G5;
				GCC_NO_COMMON_BLOCKS = YES;
				GCC_SYMBOLS_PRIVATE_EXTERN = YES;
				GCC_WARN_64_TO_32_BIT_CONVERSION = YES;
				GCC_WARN_ABOUT_RETURN_TYPE = YES;
				GCC_WARN_CHECK_SWITCH_STATEMENTS = YES;
				GCC_WARN_MISSING_PARENTHESES = YES;
				GCC_WARN_NON_VIRTUAL_DESTRUCTOR = YES;
				GCC_WARN_TYPECHECK_CALLS_TO_PRINTF = YES;
				GCC_WARN_UNDECLARED_SELECTOR = YES;
				GCC_WARN_UNINITIALIZED_AUTOS = YES;
				GCC_WARN_UNUSED_FUNCTION = YES;
				GCC_WARN_UNUSED_VARIABLE = YES;
				ONLY_ACTIVE_ARCH = YES;
				PRODUCT_NAME = "FlanGELVS";
				SDKROOT = macosx;
				WARNING_CFLAGS = "-Wreorder";
				ZERO_LINK = NO;
			};
			name = Debug;
		};
		41B6F23CFB8229387F47FBFF /* Debug */ = {
			isa = XCBuildConfiguration;
			buildSettings = {
				CLANG_CXX_LANGUAGE_STANDARD = "c++14";
				CLANG_CXX_LIBRARY = "libc++";
				CLANG_LINK_OBJC_RUNTIME = NO;
				CODE_SIGN_IDENTITY = "";
				COMBINE_HIDPI_IMAGES = YES;
				CONFIGURATION_BUILD_DIR = "$(PROJECT_DIR)/build/$(CONFIGURATION)";
				COPY_PHASE_STRIP = NO;
				EXCLUDED_ARCHS = "";
				GCC_DYNAMIC_NO_PIC = NO;
				GCC_OPTIMIZATION_LEVEL = 0;
				GCC_PREPROCESSOR_DEFINITIONS = (
					"_DEBUG=1",
					"DEBUG=1",
					"JUCE_DISPLAY_SPLASH_SCREEN=0",
					"JUCE_USE_DARK_SPLASH_SCREEN=1",
					"JUCE_PROJUCER_VERSION=0x60105",
					"JUCE_MODULE_AVAILABLE_juce_audio_basics=1",
					"JUCE_MODULE_AVAILABLE_juce_audio_devices=1",
					"JUCE_MODULE_AVAILABLE_juce_audio_formats=1",
					"JUCE_MODULE_AVAILABLE_juce_audio_plugin_client=1",
					"JUCE_MODULE_AVAILABLE_juce_audio_processors=1",
					"JUCE_MODULE_AVAILABLE_juce_audio_utils=1",
					"JUCE_MODULE_AVAILABLE_juce_core=1",
					"JUCE_MODULE_AVAILABLE_juce_data_structures=1",
					"JUCE_MODULE_AVAILABLE_juce_dsp=1",
					"JUCE_MODULE_AVAILABLE_juce_events=1",
					"JUCE_MODULE_AVAILABLE_juce_graphics=1",
					"JUCE_MODULE_AVAILABLE_juce_gui_basics=1",
					"JUCE_MODULE_AVAILABLE_juce_gui_extra=1",
					"JUCE_MODULE_AVAILABLE_juce_osc=1",
					"JUCE_GLOBAL_MODULE_SETTINGS_INCLUDED=1",
					"JUCE_VST3_CAN_REPLACE_VST2=0",
					"JUCE_STRICT_REFCOUNTEDPOINTER=1",
					"JucePlugin_Build_VST=0",
					"JucePlugin_Build_VST3=0",
					"JucePlugin_Build_AU=0",
					"JucePlugin_Build_AUv3=0",
					"JucePlugin_Build_RTAS=0",
					"JucePlugin_Build_AAX=0",
					"JucePlugin_Build_Standalone=1",
					"JucePlugin_Build_Unity=0",
					"JucePlugin_Enable_IAA=0",
					"JucePlugin_Name=\\\"FlanGELVS\\\"",
					"JucePlugin_Desc=\\\"FlanGELVS\\\"",
					"JucePlugin_Manufacturer=\\\"GELVS-CMLS-PoliMI\\\"",
					"JucePlugin_ManufacturerWebsite=\\\"\\\"",
					"JucePlugin_ManufacturerEmail=\\\"\\\"",
					"JucePlugin_ManufacturerCode=0x4d616e75",
					"JucePlugin_PluginCode=0x55367873",
					"JucePlugin_IsSynth=0",
					"JucePlugin_WantsMidiInput=1",
					"JucePlugin_ProducesMidiOutput=1",
					"JucePlugin_IsMidiEffect=0",
					"JucePlugin_EditorRequiresKeyboardFocus=0",
					"JucePlugin_Version=1.0.0",
					"JucePlugin_VersionCode=0x10000",
					"JucePlugin_VersionString=\\\"1.0.0\\\"",
					"JucePlugin_VSTUniqueID=JucePlugin_PluginCode",
					"JucePlugin_VSTCategory=kPlugCategEffect",
					"JucePlugin_Vst3Category=\\\"Fx\\\"",
					"JucePlugin_AUMainType=\\'aumf\\'",
					"JucePlugin_AUSubType=JucePlugin_PluginCode",
					"JucePlugin_AUExportPrefix=FlanGELVSAU",
					"JucePlugin_AUExportPrefixQuoted=\\\"FlanGELVSAU\\\"",
					"JucePlugin_AUManufacturerCode=JucePlugin_ManufacturerCode",
					"JucePlugin_CFBundleIdentifier=com.yourcompany.FlanGELVS",
					"JucePlugin_RTASCategory=0",
					"JucePlugin_RTASManufacturerCode=JucePlugin_ManufacturerCode",
					"JucePlugin_RTASProductId=JucePlugin_PluginCode",
					"JucePlugin_RTASDisableBypass=0",
					"JucePlugin_RTASDisableMultiMono=0",
					"JucePlugin_AAXIdentifier=com.yourcompany.FlanGELVS",
					"JucePlugin_AAXManufacturerCode=JucePlugin_ManufacturerCode",
					"JucePlugin_AAXProductId=JucePlugin_PluginCode",
					"JucePlugin_AAXCategory=0",
					"JucePlugin_AAXDisableBypass=0",
					"JucePlugin_AAXDisableMultiMono=0",
					"JucePlugin_IAAType=0x6175726d",
					"JucePlugin_IAASubType=JucePlugin_PluginCode",
					"JucePlugin_IAAName=\\\"GELVS-CMLS-PoliMI:\\ FlanGELVS\\\"",
					"JucePlugin_VSTNumMidiInputs=16",
					"JucePlugin_VSTNumMidiOutputs=16",
					"JUCE_STANDALONE_APPLICATION=JucePlugin_Build_Standalone",
					"JUCER_XCODE_MAC_F6D2F4CF=1",
					"JUCE_APP_VERSION=1.0.0",
					"JUCE_APP_VERSION_HEX=0x10000",
				);
				GCC_VERSION = com.apple.compilers.llvm.clang.1_0;
				HEADER_SEARCH_PATHS = (
					"$(HOME)/JUCE/modules/juce_audio_processors/format_types/VST3_SDK",
					"$(SRCROOT)/../../JuceLibraryCode",
					"$(HOME)/JUCE/modules",
					"$(HOME)/JUCE/modules/juce_audio_plugin_client",
					"$(inherited)",
				);
				INFOPLIST_FILE = Info-Standalone_Plugin.plist;
				INFOPLIST_PREPROCESS = NO;
				MACOSX_DEPLOYMENT_TARGET = 10.11;
				MTL_HEADER_SEARCH_PATHS = "$(HOME)/JUCE/modules/juce_audio_processors/format_types/VST3_SDK $(SRCROOT)/../../JuceLibraryCode $(HOME)/JUCE/modules $(HOME)/JUCE/modules/juce_audio_plugin_client";
				OTHER_LDFLAGS = "-lFlanGELVS";
				PRODUCT_BUNDLE_IDENTIFIER = com.yourcompany.FlanGELVS;
				PRODUCT_NAME = "FlanGELVS";
				USE_HEADERMAP = NO;
				VALID_ARCHS = "i386 x86_64 arm64 arm64e";
			};
			name = Debug;
		};
		5D152344DBCD64E8F7CB4717 /* Release */ = {
			isa = XCBuildConfiguration;
			buildSettings = {
				CLANG_CXX_LANGUAGE_STANDARD = "c++14";
				CLANG_CXX_LIBRARY = "libc++";
				CLANG_LINK_OBJC_RUNTIME = NO;
				CODE_SIGN_IDENTITY = "";
				COMBINE_HIDPI_IMAGES = YES;
				CONFIGURATION_BUILD_DIR = "$(PROJECT_DIR)/build/$(CONFIGURATION)";
				DEAD_CODE_STRIPPING = YES;
				DEPLOYMENT_LOCATION = YES;
				DSTROOT = /;
				EXCLUDED_ARCHS = "";
				GCC_GENERATE_DEBUGGING_SYMBOLS = NO;
				GCC_OPTIMIZATION_LEVEL = 3;
				GCC_PREPROCESSOR_DEFINITIONS = (
					"_NDEBUG=1",
					"NDEBUG=1",
					"JUCE_DISPLAY_SPLASH_SCREEN=0",
					"JUCE_USE_DARK_SPLASH_SCREEN=1",
					"JUCE_PROJUCER_VERSION=0x60105",
					"JUCE_MODULE_AVAILABLE_juce_audio_basics=1",
					"JUCE_MODULE_AVAILABLE_juce_audio_devices=1",
					"JUCE_MODULE_AVAILABLE_juce_audio_formats=1",
					"JUCE_MODULE_AVAILABLE_juce_audio_plugin_client=1",
					"JUCE_MODULE_AVAILABLE_juce_audio_processors=1",
					"JUCE_MODULE_AVAILABLE_juce_audio_utils=1",
					"JUCE_MODULE_AVAILABLE_juce_core=1",
					"JUCE_MODULE_AVAILABLE_juce_data_structures=1",
					"JUCE_MODULE_AVAILABLE_juce_dsp=1",
					"JUCE_MODULE_AVAILABLE_juce_events=1",
					"JUCE_MODULE_AVAILABLE_juce_graphics=1",
					"JUCE_MODULE_AVAILABLE_juce_gui_basics=1",
					"JUCE_MODULE_AVAILABLE_juce_gui_extra=1",
					"JUCE_MODULE_AVAILABLE_juce_osc=1",
					"JUCE_GLOBAL_MODULE_SETTINGS_INCLUDED=1",
					"JUCE_VST3_CAN_REPLACE_VST2=0",
					"JUCE_STRICT_REFCOUNTEDPOINTER=1",
					"JucePlugin_Build_VST=0",
					"JucePlugin_Build_VST3=0",
					"JucePlugin_Build_AU=1",
					"JucePlugin_Build_AUv3=0",
					"JucePlugin_Build_RTAS=0",
					"JucePlugin_Build_AAX=0",
					"JucePlugin_Build_Standalone=0",
					"JucePlugin_Build_Unity=0",
					"JucePlugin_Enable_IAA=0",
					"JucePlugin_Name=\\\"FlanGELVS\\\"",
					"JucePlugin_Desc=\\\"FlanGELVS\\\"",
					"JucePlugin_Manufacturer=\\\"GELVS-CMLS-PoliMI\\\"",
					"JucePlugin_ManufacturerWebsite=\\\"\\\"",
					"JucePlugin_ManufacturerEmail=\\\"\\\"",
					"JucePlugin_ManufacturerCode=0x4d616e75",
					"JucePlugin_PluginCode=0x55367873",
					"JucePlugin_IsSynth=0",
					"JucePlugin_WantsMidiInput=1",
					"JucePlugin_ProducesMidiOutput=1",
					"JucePlugin_IsMidiEffect=0",
					"JucePlugin_EditorRequiresKeyboardFocus=0",
					"JucePlugin_Version=1.0.0",
					"JucePlugin_VersionCode=0x10000",
					"JucePlugin_VersionString=\\\"1.0.0\\\"",
					"JucePlugin_VSTUniqueID=JucePlugin_PluginCode",
					"JucePlugin_VSTCategory=kPlugCategEffect",
					"JucePlugin_Vst3Category=\\\"Fx\\\"",
					"JucePlugin_AUMainType=\\'aumf\\'",
					"JucePlugin_AUSubType=JucePlugin_PluginCode",
					"JucePlugin_AUExportPrefix=FlanGELVSAU",
					"JucePlugin_AUExportPrefixQuoted=\\\"FlanGELVSAU\\\"",
					"JucePlugin_AUManufacturerCode=JucePlugin_ManufacturerCode",
					"JucePlugin_CFBundleIdentifier=com.yourcompany.FlanGELVS",
					"JucePlugin_RTASCategory=0",
					"JucePlugin_RTASManufacturerCode=JucePlugin_ManufacturerCode",
					"JucePlugin_RTASProductId=JucePlugin_PluginCode",
					"JucePlugin_RTASDisableBypass=0",
					"JucePlugin_RTASDisableMultiMono=0",
					"JucePlugin_AAXIdentifier=com.yourcompany.FlanGELVS",
					"JucePlugin_AAXManufacturerCode=JucePlugin_ManufacturerCode",
					"JucePlugin_AAXProductId=JucePlugin_PluginCode",
					"JucePlugin_AAXCategory=0",
					"JucePlugin_AAXDisableBypass=0",
					"JucePlugin_AAXDisableMultiMono=0",
					"JucePlugin_IAAType=0x6175726d",
					"JucePlugin_IAASubType=JucePlugin_PluginCode",
					"JucePlugin_IAAName=\\\"GELVS-CMLS-PoliMI:\\ FlanGELVS\\\"",
					"JucePlugin_VSTNumMidiInputs=16",
					"JucePlugin_VSTNumMidiOutputs=16",
					"JUCE_STANDALONE_APPLICATION=JucePlugin_Build_Standalone",
					"JUCER_XCODE_MAC_F6D2F4CF=1",
					"JUCE_APP_VERSION=1.0.0",
					"JUCE_APP_VERSION_HEX=0x10000",
				);
				GCC_VERSION = com.apple.compilers.llvm.clang.1_0;
				GENERATE_PKGINFO_FILE = YES;
				HEADER_SEARCH_PATHS = (
					"$(HOME)/JUCE/modules/juce_audio_processors/format_types/VST3_SDK",
					"$(SRCROOT)/../../JuceLibraryCode",
					"$(HOME)/JUCE/modules",
					"$(HOME)/JUCE/modules/juce_audio_plugin_client",
					"$(inherited)",
				);
				INFOPLIST_FILE = Info-AU.plist;
				INFOPLIST_PREPROCESS = NO;
				INSTALL_PATH = "$(HOME)/Library/Audio/Plug-Ins/Components/";
				LIBRARY_STYLE = Bundle;
				LLVM_LTO = YES;
				MACOSX_DEPLOYMENT_TARGET = 10.11;
				MTL_HEADER_SEARCH_PATHS = "$(HOME)/JUCE/modules/juce_audio_processors/format_types/VST3_SDK $(SRCROOT)/../../JuceLibraryCode $(HOME)/JUCE/modules $(HOME)/JUCE/modules/juce_audio_plugin_client";
				OTHER_LDFLAGS = "-bundle -lFlanGELVS";
				OTHER_REZFLAGS = "-d ppc_$ppc -d i386_$i386 -d ppc64_$ppc64 -d x86_64_$x86_64 -d arm64_$arm64 -I /System/Library/Frameworks/CoreServices.framework/Frameworks/CarbonCore.framework/Versions/A/Headers -I \"$(DEVELOPER_DIR)/Extras/CoreAudio/AudioUnits/AUPublic/AUBase\" -I \"$(DEVELOPER_DIR)/Platforms/MacOSX.platform/Developer/SDKs/MacOSX.sdk/System/Library/Frameworks/AudioUnit.framework/Headers\"";
				PRODUCT_BUNDLE_IDENTIFIER = com.yourcompany.FlanGELVS;
				PRODUCT_NAME = "FlanGELVS";
				USE_HEADERMAP = NO;
				VALID_ARCHS = "i386 x86_64 arm64 arm64e";
				WRAPPER_EXTENSION = component;
			};
			name = Release;
		};
		6698C9C807D2AD7E3DA0A2A3 /* Debug */ = {
			isa = XCBuildConfiguration;
			buildSettings = {
				CLANG_CXX_LANGUAGE_STANDARD = "c++14";
				CLANG_CXX_LIBRARY = "libc++";
				CLANG_LINK_OBJC_RUNTIME = NO;
				CODE_SIGN_IDENTITY = "";
				COMBINE_HIDPI_IMAGES = YES;
				CONFIGURATION_BUILD_DIR = "$(PROJECT_DIR)/build/$(CONFIGURATION)";
				COPY_PHASE_STRIP = NO;
				DEPLOYMENT_LOCATION = YES;
				DSTROOT = /;
				EXCLUDED_ARCHS = "";
				GCC_DYNAMIC_NO_PIC = NO;
				GCC_OPTIMIZATION_LEVEL = 0;
				GCC_PREPROCESSOR_DEFINITIONS = (
					"_DEBUG=1",
					"DEBUG=1",
					"JUCE_DISPLAY_SPLASH_SCREEN=0",
					"JUCE_USE_DARK_SPLASH_SCREEN=1",
					"JUCE_PROJUCER_VERSION=0x60105",
					"JUCE_MODULE_AVAILABLE_juce_audio_basics=1",
					"JUCE_MODULE_AVAILABLE_juce_audio_devices=1",
					"JUCE_MODULE_AVAILABLE_juce_audio_formats=1",
					"JUCE_MODULE_AVAILABLE_juce_audio_plugin_client=1",
					"JUCE_MODULE_AVAILABLE_juce_audio_processors=1",
					"JUCE_MODULE_AVAILABLE_juce_audio_utils=1",
					"JUCE_MODULE_AVAILABLE_juce_core=1",
					"JUCE_MODULE_AVAILABLE_juce_data_structures=1",
					"JUCE_MODULE_AVAILABLE_juce_dsp=1",
					"JUCE_MODULE_AVAILABLE_juce_events=1",
					"JUCE_MODULE_AVAILABLE_juce_graphics=1",
					"JUCE_MODULE_AVAILABLE_juce_gui_basics=1",
					"JUCE_MODULE_AVAILABLE_juce_gui_extra=1",
					"JUCE_MODULE_AVAILABLE_juce_osc=1",
					"JUCE_GLOBAL_MODULE_SETTINGS_INCLUDED=1",
					"JUCE_VST3_CAN_REPLACE_VST2=0",
					"JUCE_STRICT_REFCOUNTEDPOINTER=1",
					"JucePlugin_Build_VST=0",
					"JucePlugin_Build_VST3=1",
					"JucePlugin_Build_AU=0",
					"JucePlugin_Build_AUv3=0",
					"JucePlugin_Build_RTAS=0",
					"JucePlugin_Build_AAX=0",
					"JucePlugin_Build_Standalone=0",
					"JucePlugin_Build_Unity=0",
					"JucePlugin_Enable_IAA=0",
					"JucePlugin_Name=\\\"FlanGELVS\\\"",
					"JucePlugin_Desc=\\\"FlanGELVS\\\"",
					"JucePlugin_Manufacturer=\\\"GELVS-CMLS-PoliMI\\\"",
					"JucePlugin_ManufacturerWebsite=\\\"\\\"",
					"JucePlugin_ManufacturerEmail=\\\"\\\"",
					"JucePlugin_ManufacturerCode=0x4d616e75",
					"JucePlugin_PluginCode=0x55367873",
					"JucePlugin_IsSynth=0",
					"JucePlugin_WantsMidiInput=1",
					"JucePlugin_ProducesMidiOutput=1",
					"JucePlugin_IsMidiEffect=0",
					"JucePlugin_EditorRequiresKeyboardFocus=0",
					"JucePlugin_Version=1.0.0",
					"JucePlugin_VersionCode=0x10000",
					"JucePlugin_VersionString=\\\"1.0.0\\\"",
					"JucePlugin_VSTUniqueID=JucePlugin_PluginCode",
					"JucePlugin_VSTCategory=kPlugCategEffect",
					"JucePlugin_Vst3Category=\\\"Fx\\\"",
					"JucePlugin_AUMainType=\\'aumf\\'",
					"JucePlugin_AUSubType=JucePlugin_PluginCode",
					"JucePlugin_AUExportPrefix=FlanGELVSAU",
					"JucePlugin_AUExportPrefixQuoted=\\\"FlanGELVSAU\\\"",
					"JucePlugin_AUManufacturerCode=JucePlugin_ManufacturerCode",
					"JucePlugin_CFBundleIdentifier=com.yourcompany.FlanGELVS",
					"JucePlugin_RTASCategory=0",
					"JucePlugin_RTASManufacturerCode=JucePlugin_ManufacturerCode",
					"JucePlugin_RTASProductId=JucePlugin_PluginCode",
					"JucePlugin_RTASDisableBypass=0",
					"JucePlugin_RTASDisableMultiMono=0",
					"JucePlugin_AAXIdentifier=com.yourcompany.FlanGELVS",
					"JucePlugin_AAXManufacturerCode=JucePlugin_ManufacturerCode",
					"JucePlugin_AAXProductId=JucePlugin_PluginCode",
					"JucePlugin_AAXCategory=0",
					"JucePlugin_AAXDisableBypass=0",
					"JucePlugin_AAXDisableMultiMono=0",
					"JucePlugin_IAAType=0x6175726d",
					"JucePlugin_IAASubType=JucePlugin_PluginCode",
					"JucePlugin_IAAName=\\\"GELVS-CMLS-PoliMI:\\ FlanGELVS\\\"",
					"JucePlugin_VSTNumMidiInputs=16",
					"JucePlugin_VSTNumMidiOutputs=16",
					"JUCE_STANDALONE_APPLICATION=JucePlugin_Build_Standalone",
					"JUCER_XCODE_MAC_F6D2F4CF=1",
					"JUCE_APP_VERSION=1.0.0",
					"JUCE_APP_VERSION_HEX=0x10000",
				);
				GCC_VERSION = com.apple.compilers.llvm.clang.1_0;
				GENERATE_PKGINFO_FILE = YES;
				HEADER_SEARCH_PATHS = (
					"$(HOME)/JUCE/modules/juce_audio_processors/format_types/VST3_SDK",
					"$(SRCROOT)/../../JuceLibraryCode",
					"$(HOME)/JUCE/modules",
					"$(HOME)/JUCE/modules/juce_audio_plugin_client",
					"$(inherited)",
				);
				INFOPLIST_FILE = Info-VST3.plist;
				INFOPLIST_PREPROCESS = NO;
				INSTALL_PATH = "$(HOME)/Library/Audio/Plug-Ins/VST3/";
				LIBRARY_STYLE = Bundle;
				MACOSX_DEPLOYMENT_TARGET = 10.11;
				MTL_HEADER_SEARCH_PATHS = "$(HOME)/JUCE/modules/juce_audio_processors/format_types/VST3_SDK $(SRCROOT)/../../JuceLibraryCode $(HOME)/JUCE/modules $(HOME)/JUCE/modules/juce_audio_plugin_client";
				OTHER_LDFLAGS = "-bundle -lFlanGELVS";
				PRODUCT_BUNDLE_IDENTIFIER = com.yourcompany.FlanGELVS;
				PRODUCT_NAME = "FlanGELVS";
				USE_HEADERMAP = NO;
				VALID_ARCHS = "i386 x86_64 arm64 arm64e";
				WRAPPER_EXTENSION = vst3;
			};
			name = Debug;
		};
		6BAAF9C78EE4ABA8E798D413 /* Debug */ = {
			isa = XCBuildConfiguration;
			buildSettings = {
				MACOSX_DEPLOYMENT_TARGET = 10.11;
				SDKROOT = macosx;
			};
			name = Debug;
		};
		6FED92C180DDFED87EC33959 /* Release */ = {
			isa = XCBuildConfiguration;
			buildSettings = {
				CLANG_CXX_LANGUAGE_STANDARD = "c++14";
				CLANG_CXX_LIBRARY = "libc++";
				CLANG_LINK_OBJC_RUNTIME = NO;
				CODE_SIGN_IDENTITY = "";
				COMBINE_HIDPI_IMAGES = YES;
				CONFIGURATION_BUILD_DIR = "$(PROJECT_DIR)/build/$(CONFIGURATION)";
				DEAD_CODE_STRIPPING = YES;
				EXCLUDED_ARCHS = "";
				GCC_GENERATE_DEBUGGING_SYMBOLS = NO;
				GCC_OPTIMIZATION_LEVEL = 3;
				GCC_PREPROCESSOR_DEFINITIONS = (
					"_NDEBUG=1",
					"NDEBUG=1",
					"JUCE_DISPLAY_SPLASH_SCREEN=0",
					"JUCE_USE_DARK_SPLASH_SCREEN=1",
					"JUCE_PROJUCER_VERSION=0x60105",
					"JUCE_MODULE_AVAILABLE_juce_audio_basics=1",
					"JUCE_MODULE_AVAILABLE_juce_audio_devices=1",
					"JUCE_MODULE_AVAILABLE_juce_audio_formats=1",
					"JUCE_MODULE_AVAILABLE_juce_audio_plugin_client=1",
					"JUCE_MODULE_AVAILABLE_juce_audio_processors=1",
					"JUCE_MODULE_AVAILABLE_juce_audio_utils=1",
					"JUCE_MODULE_AVAILABLE_juce_core=1",
					"JUCE_MODULE_AVAILABLE_juce_data_structures=1",
					"JUCE_MODULE_AVAILABLE_juce_dsp=1",
					"JUCE_MODULE_AVAILABLE_juce_events=1",
					"JUCE_MODULE_AVAILABLE_juce_graphics=1",
					"JUCE_MODULE_AVAILABLE_juce_gui_basics=1",
					"JUCE_MODULE_AVAILABLE_juce_gui_extra=1",
					"JUCE_MODULE_AVAILABLE_juce_osc=1",
					"JUCE_GLOBAL_MODULE_SETTINGS_INCLUDED=1",
					"JUCE_VST3_CAN_REPLACE_VST2=0",
					"JUCE_STRICT_REFCOUNTEDPOINTER=1",
					"JucePlugin_Build_VST=0",
					"JucePlugin_Build_VST3=0",
					"JucePlugin_Build_AU=0",
					"JucePlugin_Build_AUv3=0",
					"JucePlugin_Build_RTAS=0",
					"JucePlugin_Build_AAX=0",
					"JucePlugin_Build_Standalone=1",
					"JucePlugin_Build_Unity=0",
					"JucePlugin_Enable_IAA=0",
					"JucePlugin_Name=\\\"FlanGELVS\\\"",
					"JucePlugin_Desc=\\\"FlanGELVS\\\"",
					"JucePlugin_Manufacturer=\\\"GELVS-CMLS-PoliMI\\\"",
					"JucePlugin_ManufacturerWebsite=\\\"\\\"",
					"JucePlugin_ManufacturerEmail=\\\"\\\"",
					"JucePlugin_ManufacturerCode=0x4d616e75",
					"JucePlugin_PluginCode=0x55367873",
					"JucePlugin_IsSynth=0",
					"JucePlugin_WantsMidiInput=1",
					"JucePlugin_ProducesMidiOutput=1",
					"JucePlugin_IsMidiEffect=0",
					"JucePlugin_EditorRequiresKeyboardFocus=0",
					"JucePlugin_Version=1.0.0",
					"JucePlugin_VersionCode=0x10000",
					"JucePlugin_VersionString=\\\"1.0.0\\\"",
					"JucePlugin_VSTUniqueID=JucePlugin_PluginCode",
					"JucePlugin_VSTCategory=kPlugCategEffect",
					"JucePlugin_Vst3Category=\\\"Fx\\\"",
					"JucePlugin_AUMainType=\\'aumf\\'",
					"JucePlugin_AUSubType=JucePlugin_PluginCode",
					"JucePlugin_AUExportPrefix=FlanGELVSAU",
					"JucePlugin_AUExportPrefixQuoted=\\\"FlanGELVSAU\\\"",
					"JucePlugin_AUManufacturerCode=JucePlugin_ManufacturerCode",
					"JucePlugin_CFBundleIdentifier=com.yourcompany.FlanGELVS",
					"JucePlugin_RTASCategory=0",
					"JucePlugin_RTASManufacturerCode=JucePlugin_ManufacturerCode",
					"JucePlugin_RTASProductId=JucePlugin_PluginCode",
					"JucePlugin_RTASDisableBypass=0",
					"JucePlugin_RTASDisableMultiMono=0",
					"JucePlugin_AAXIdentifier=com.yourcompany.FlanGELVS",
					"JucePlugin_AAXManufacturerCode=JucePlugin_ManufacturerCode",
					"JucePlugin_AAXProductId=JucePlugin_PluginCode",
					"JucePlugin_AAXCategory=0",
					"JucePlugin_AAXDisableBypass=0",
					"JucePlugin_AAXDisableMultiMono=0",
					"JucePlugin_IAAType=0x6175726d",
					"JucePlugin_IAASubType=JucePlugin_PluginCode",
					"JucePlugin_IAAName=\\\"GELVS-CMLS-PoliMI:\\ FlanGELVS\\\"",
					"JucePlugin_VSTNumMidiInputs=16",
					"JucePlugin_VSTNumMidiOutputs=16",
					"JUCE_STANDALONE_APPLICATION=JucePlugin_Build_Standalone",
					"JUCER_XCODE_MAC_F6D2F4CF=1",
					"JUCE_APP_VERSION=1.0.0",
					"JUCE_APP_VERSION_HEX=0x10000",
				);
				GCC_VERSION = com.apple.compilers.llvm.clang.1_0;
				HEADER_SEARCH_PATHS = (
					"$(HOME)/JUCE/modules/juce_audio_processors/format_types/VST3_SDK",
					"$(SRCROOT)/../../JuceLibraryCode",
					"$(HOME)/JUCE/modules",
					"$(HOME)/JUCE/modules/juce_audio_plugin_client",
					"$(inherited)",
				);
				INFOPLIST_FILE = Info-Standalone_Plugin.plist;
				INFOPLIST_PREPROCESS = NO;
				LLVM_LTO = YES;
				MACOSX_DEPLOYMENT_TARGET = 10.11;
				MTL_HEADER_SEARCH_PATHS = "$(HOME)/JUCE/modules/juce_audio_processors/format_types/VST3_SDK $(SRCROOT)/../../JuceLibraryCode $(HOME)/JUCE/modules $(HOME)/JUCE/modules/juce_audio_plugin_client";
				OTHER_LDFLAGS = "-lFlanGELVS";
				PRODUCT_BUNDLE_IDENTIFIER = com.yourcompany.FlanGELVS;
				PRODUCT_NAME = "FlanGELVS";
				USE_HEADERMAP = NO;
				VALID_ARCHS = "i386 x86_64 arm64 arm64e";
			};
			name = Release;
		};
		AE6F5B643269F5590CDF4D2E /* Release */ = {
			isa = XCBuildConfiguration;
			buildSettings = {
				CLANG_CXX_LANGUAGE_STANDARD = "c++14";
				CLANG_CXX_LIBRARY = "libc++";
				CLANG_LINK_OBJC_RUNTIME = NO;
				CODE_SIGN_IDENTITY = "";
				COMBINE_HIDPI_IMAGES = YES;
				CONFIGURATION_BUILD_DIR = "$(PROJECT_DIR)/build/$(CONFIGURATION)";
				DEAD_CODE_STRIPPING = YES;
				DEPLOYMENT_LOCATION = YES;
				DSTROOT = /;
				EXCLUDED_ARCHS = "";
				GCC_GENERATE_DEBUGGING_SYMBOLS = NO;
				GCC_OPTIMIZATION_LEVEL = 3;
				GCC_PREPROCESSOR_DEFINITIONS = (
					"_NDEBUG=1",
					"NDEBUG=1",
					"JUCE_DISPLAY_SPLASH_SCREEN=0",
					"JUCE_USE_DARK_SPLASH_SCREEN=1",
					"JUCE_PROJUCER_VERSION=0x60105",
					"JUCE_MODULE_AVAILABLE_juce_audio_basics=1",
					"JUCE_MODULE_AVAILABLE_juce_audio_devices=1",
					"JUCE_MODULE_AVAILABLE_juce_audio_formats=1",
					"JUCE_MODULE_AVAILABLE_juce_audio_plugin_client=1",
					"JUCE_MODULE_AVAILABLE_juce_audio_processors=1",
					"JUCE_MODULE_AVAILABLE_juce_audio_utils=1",
					"JUCE_MODULE_AVAILABLE_juce_core=1",
					"JUCE_MODULE_AVAILABLE_juce_data_structures=1",
					"JUCE_MODULE_AVAILABLE_juce_dsp=1",
					"JUCE_MODULE_AVAILABLE_juce_events=1",
					"JUCE_MODULE_AVAILABLE_juce_graphics=1",
					"JUCE_MODULE_AVAILABLE_juce_gui_basics=1",
					"JUCE_MODULE_AVAILABLE_juce_gui_extra=1",
					"JUCE_MODULE_AVAILABLE_juce_osc=1",
					"JUCE_GLOBAL_MODULE_SETTINGS_INCLUDED=1",
					"JUCE_VST3_CAN_REPLACE_VST2=0",
					"JUCE_STRICT_REFCOUNTEDPOINTER=1",
					"JucePlugin_Build_VST=0",
					"JucePlugin_Build_VST3=1",
					"JucePlugin_Build_AU=0",
					"JucePlugin_Build_AUv3=0",
					"JucePlugin_Build_RTAS=0",
					"JucePlugin_Build_AAX=0",
					"JucePlugin_Build_Standalone=0",
					"JucePlugin_Build_Unity=0",
					"JucePlugin_Enable_IAA=0",
					"JucePlugin_Name=\\\"FlanGELVS\\\"",
					"JucePlugin_Desc=\\\"FlanGELVS\\\"",
					"JucePlugin_Manufacturer=\\\"GELVS-CMLS-PoliMI\\\"",
					"JucePlugin_ManufacturerWebsite=\\\"\\\"",
					"JucePlugin_ManufacturerEmail=\\\"\\\"",
					"JucePlugin_ManufacturerCode=0x4d616e75",
					"JucePlugin_PluginCode=0x55367873",
					"JucePlugin_IsSynth=0",
					"JucePlugin_WantsMidiInput=1",
					"JucePlugin_ProducesMidiOutput=1",
					"JucePlugin_IsMidiEffect=0",
					"JucePlugin_EditorRequiresKeyboardFocus=0",
					"JucePlugin_Version=1.0.0",
					"JucePlugin_VersionCode=0x10000",
					"JucePlugin_VersionString=\\\"1.0.0\\\"",
					"JucePlugin_VSTUniqueID=JucePlugin_PluginCode",
					"JucePlugin_VSTCategory=kPlugCategEffect",
					"JucePlugin_Vst3Category=\\\"Fx\\\"",
					"JucePlugin_AUMainType=\\'aumf\\'",
					"JucePlugin_AUSubType=JucePlugin_PluginCode",
					"JucePlugin_AUExportPrefix=FlanGELVSAU",
					"JucePlugin_AUExportPrefixQuoted=\\\"FlanGELVSAU\\\"",
					"JucePlugin_AUManufacturerCode=JucePlugin_ManufacturerCode",
					"JucePlugin_CFBundleIdentifier=com.yourcompany.FlanGELVS",
					"JucePlugin_RTASCategory=0",
					"JucePlugin_RTASManufacturerCode=JucePlugin_ManufacturerCode",
					"JucePlugin_RTASProductId=JucePlugin_PluginCode",
					"JucePlugin_RTASDisableBypass=0",
					"JucePlugin_RTASDisableMultiMono=0",
					"JucePlugin_AAXIdentifier=com.yourcompany.FlanGELVS",
					"JucePlugin_AAXManufacturerCode=JucePlugin_ManufacturerCode",
					"JucePlugin_AAXProductId=JucePlugin_PluginCode",
					"JucePlugin_AAXCategory=0",
					"JucePlugin_AAXDisableBypass=0",
					"JucePlugin_AAXDisableMultiMono=0",
					"JucePlugin_IAAType=0x6175726d",
					"JucePlugin_IAASubType=JucePlugin_PluginCode",
					"JucePlugin_IAAName=\\\"GELVS-CMLS-PoliMI:\\ FlanGELVS\\\"",
					"JucePlugin_VSTNumMidiInputs=16",
					"JucePlugin_VSTNumMidiOutputs=16",
					"JUCE_STANDALONE_APPLICATION=JucePlugin_Build_Standalone",
					"JUCER_XCODE_MAC_F6D2F4CF=1",
					"JUCE_APP_VERSION=1.0.0",
					"JUCE_APP_VERSION_HEX=0x10000",
				);
				GCC_VERSION = com.apple.compilers.llvm.clang.1_0;
				GENERATE_PKGINFO_FILE = YES;
				HEADER_SEARCH_PATHS = (
					"$(HOME)/JUCE/modules/juce_audio_processors/format_types/VST3_SDK",
					"$(SRCROOT)/../../JuceLibraryCode",
					"$(HOME)/JUCE/modules",
					"$(HOME)/JUCE/modules/juce_audio_plugin_client",
					"$(inherited)",
				);
				INFOPLIST_FILE = Info-VST3.plist;
				INFOPLIST_PREPROCESS = NO;
				INSTALL_PATH = "$(HOME)/Library/Audio/Plug-Ins/VST3/";
				LIBRARY_STYLE = Bundle;
				LLVM_LTO = YES;
				MACOSX_DEPLOYMENT_TARGET = 10.11;
				MTL_HEADER_SEARCH_PATHS = "$(HOME)/JUCE/modules/juce_audio_processors/format_types/VST3_SDK $(SRCROOT)/../../JuceLibraryCode $(HOME)/JUCE/modules $(HOME)/JUCE/modules/juce_audio_plugin_client";
				OTHER_LDFLAGS = "-bundle -lFlanGELVS";
				PRODUCT_BUNDLE_IDENTIFIER = com.yourcompany.FlanGELVS;
				PRODUCT_NAME = "FlanGELVS";
				USE_HEADERMAP = NO;
				VALID_ARCHS = "i386 x86_64 arm64 arm64e";
				WRAPPER_EXTENSION = vst3;
			};
			name = Release;
		};
		B8042145D812432DBC72D77B /* Debug */ = {
			isa = XCBuildConfiguration;
			buildSettings = {
				CLANG_CXX_LANGUAGE_STANDARD = "c++14";
				CLANG_CXX_LIBRARY = "libc++";
				CLANG_LINK_OBJC_RUNTIME = NO;
				CODE_SIGN_IDENTITY = "";
				COMBINE_HIDPI_IMAGES = YES;
				CONFIGURATION_BUILD_DIR = "$(PROJECT_DIR)/build/$(CONFIGURATION)";
				COPY_PHASE_STRIP = NO;
				EXCLUDED_ARCHS = "";
				GCC_DYNAMIC_NO_PIC = NO;
				GCC_OPTIMIZATION_LEVEL = 0;
				GCC_PREPROCESSOR_DEFINITIONS = (
					"_DEBUG=1",
					"DEBUG=1",
					"JUCE_DISPLAY_SPLASH_SCREEN=0",
					"JUCE_USE_DARK_SPLASH_SCREEN=1",
					"JUCE_PROJUCER_VERSION=0x60105",
					"JUCE_MODULE_AVAILABLE_juce_audio_basics=1",
					"JUCE_MODULE_AVAILABLE_juce_audio_devices=1",
					"JUCE_MODULE_AVAILABLE_juce_audio_formats=1",
					"JUCE_MODULE_AVAILABLE_juce_audio_plugin_client=1",
					"JUCE_MODULE_AVAILABLE_juce_audio_processors=1",
					"JUCE_MODULE_AVAILABLE_juce_audio_utils=1",
					"JUCE_MODULE_AVAILABLE_juce_core=1",
					"JUCE_MODULE_AVAILABLE_juce_data_structures=1",
					"JUCE_MODULE_AVAILABLE_juce_dsp=1",
					"JUCE_MODULE_AVAILABLE_juce_events=1",
					"JUCE_MODULE_AVAILABLE_juce_graphics=1",
					"JUCE_MODULE_AVAILABLE_juce_gui_basics=1",
					"JUCE_MODULE_AVAILABLE_juce_gui_extra=1",
					"JUCE_MODULE_AVAILABLE_juce_osc=1",
					"JUCE_GLOBAL_MODULE_SETTINGS_INCLUDED=1",
					"JUCE_VST3_CAN_REPLACE_VST2=0",
					"JUCE_STRICT_REFCOUNTEDPOINTER=1",
					"JucePlugin_Build_VST=0",
					"JucePlugin_Build_VST3=1",
					"JucePlugin_Build_AU=1",
					"JucePlugin_Build_AUv3=0",
					"JucePlugin_Build_RTAS=0",
					"JucePlugin_Build_AAX=0",
					"JucePlugin_Build_Standalone=1",
					"JucePlugin_Build_Unity=0",
					"JucePlugin_Enable_IAA=0",
					"JucePlugin_Name=\\\"FlanGELVS\\\"",
					"JucePlugin_Desc=\\\"FlanGELVS\\\"",
					"JucePlugin_Manufacturer=\\\"GELVS-CMLS-PoliMI\\\"",
					"JucePlugin_ManufacturerWebsite=\\\"\\\"",
					"JucePlugin_ManufacturerEmail=\\\"\\\"",
					"JucePlugin_ManufacturerCode=0x4d616e75",
					"JucePlugin_PluginCode=0x55367873",
					"JucePlugin_IsSynth=0",
					"JucePlugin_WantsMidiInput=1",
					"JucePlugin_ProducesMidiOutput=1",
					"JucePlugin_IsMidiEffect=0",
					"JucePlugin_EditorRequiresKeyboardFocus=0",
					"JucePlugin_Version=1.0.0",
					"JucePlugin_VersionCode=0x10000",
					"JucePlugin_VersionString=\\\"1.0.0\\\"",
					"JucePlugin_VSTUniqueID=JucePlugin_PluginCode",
					"JucePlugin_VSTCategory=kPlugCategEffect",
					"JucePlugin_Vst3Category=\\\"Fx\\\"",
					"JucePlugin_AUMainType=\\'aumf\\'",
					"JucePlugin_AUSubType=JucePlugin_PluginCode",
					"JucePlugin_AUExportPrefix=FlanGELVSAU",
					"JucePlugin_AUExportPrefixQuoted=\\\"FlanGELVSAU\\\"",
					"JucePlugin_AUManufacturerCode=JucePlugin_ManufacturerCode",
					"JucePlugin_CFBundleIdentifier=com.yourcompany.FlanGELVS",
					"JucePlugin_RTASCategory=0",
					"JucePlugin_RTASManufacturerCode=JucePlugin_ManufacturerCode",
					"JucePlugin_RTASProductId=JucePlugin_PluginCode",
					"JucePlugin_RTASDisableBypass=0",
					"JucePlugin_RTASDisableMultiMono=0",
					"JucePlugin_AAXIdentifier=com.yourcompany.FlanGELVS",
					"JucePlugin_AAXManufacturerCode=JucePlugin_ManufacturerCode",
					"JucePlugin_AAXProductId=JucePlugin_PluginCode",
					"JucePlugin_AAXCategory=0",
					"JucePlugin_AAXDisableBypass=0",
					"JucePlugin_AAXDisableMultiMono=0",
					"JucePlugin_IAAType=0x6175726d",
					"JucePlugin_IAASubType=JucePlugin_PluginCode",
					"JucePlugin_IAAName=\\\"GELVS-CMLS-PoliMI:\\ FlanGELVS\\\"",
					"JucePlugin_VSTNumMidiInputs=16",
					"JucePlugin_VSTNumMidiOutputs=16",
					"JUCE_STANDALONE_APPLICATION=JucePlugin_Build_Standalone",
					"JUCER_XCODE_MAC_F6D2F4CF=1",
					"JUCE_APP_VERSION=1.0.0",
					"JUCE_APP_VERSION_HEX=0x10000",
					"JUCE_SHARED_CODE=1",
				);
				GCC_VERSION = com.apple.compilers.llvm.clang.1_0;
				HEADER_SEARCH_PATHS = (
					"$(HOME)/JUCE/modules/juce_audio_processors/format_types/VST3_SDK",
					"$(SRCROOT)/../../JuceLibraryCode",
					"$(HOME)/JUCE/modules",
					"$(HOME)/JUCE/modules/juce_audio_plugin_client",
					"$(inherited)",
				);
				INSTALL_PATH = "@executable_path/../Frameworks";
				MACOSX_DEPLOYMENT_TARGET = 10.11;
				MTL_HEADER_SEARCH_PATHS = "$(HOME)/JUCE/modules/juce_audio_processors/format_types/VST3_SDK $(SRCROOT)/../../JuceLibraryCode $(HOME)/JUCE/modules $(HOME)/JUCE/modules/juce_audio_plugin_client";
				PRODUCT_BUNDLE_IDENTIFIER = com.yourcompany.FlanGELVS;
				PRODUCT_NAME = "FlanGELVS";
				SKIP_INSTALL = YES;
				USE_HEADERMAP = NO;
				VALID_ARCHS = "i386 x86_64 arm64 arm64e";
			};
			name = Debug;
		};
		FB1D4AC0BD0901D16EF75204 /* Release */ = {
			isa = XCBuildConfiguration;
			buildSettings = {
				MACOSX_DEPLOYMENT_TARGET = 10.11;
				SDKROOT = macosx;
			};
			name = Release;
		};
		FBE46271FBA2BD48D931A048 /* Release */ = {
			isa = XCBuildConfiguration;
			buildSettings = {
				ALWAYS_SEARCH_USER_PATHS = NO;
				CLANG_ENABLE_OBJC_WEAK = YES;
				CLANG_WARN_BLOCK_CAPTURE_AUTORELEASING = YES;
				CLANG_WARN_BOOL_CONVERSION = YES;
				CLANG_WARN_COMMA = YES;
				CLANG_WARN_CONSTANT_CONVERSION = YES;
				CLANG_WARN_DEPRECATED_OBJC_IMPLEMENTATIONS = YES;
				CLANG_WARN_EMPTY_BODY = YES;
				CLANG_WARN_ENUM_CONVERSION = YES;
				CLANG_WARN_INFINITE_RECURSION = YES;
				CLANG_WARN_INT_CONVERSION = YES;
				CLANG_WARN_NON_LITERAL_NULL_CONVERSION = YES;
				CLANG_WARN_OBJC_IMPLICIT_RETAIN_SELF = YES;
				CLANG_WARN_OBJC_LITERAL_CONVERSION = YES;
				CLANG_WARN_RANGE_LOOP_ANALYSIS = YES;
				CLANG_WARN_STRICT_PROTOTYPES = YES;
				CLANG_WARN_SUSPICIOUS_MOVE = YES;
				CLANG_WARN_UNREACHABLE_CODE = YES;
				CLANG_WARN__DUPLICATE_METHOD_MATCH = YES;
				CODE_SIGN_IDENTITY = "";
				DEBUG_INFORMATION_FORMAT = dwarf;
				ENABLE_STRICT_OBJC_MSGSEND = YES;
				ENABLE_TESTABILITY = NO;
				GCC_C_LANGUAGE_STANDARD = c11;
				GCC_INLINES_ARE_PRIVATE_EXTERN = YES;
				GCC_MODEL_TUNING = G5;
				GCC_NO_COMMON_BLOCKS = YES;
				GCC_SYMBOLS_PRIVATE_EXTERN = YES;
				GCC_WARN_64_TO_32_BIT_CONVERSION = YES;
				GCC_WARN_ABOUT_RETURN_TYPE = YES;
				GCC_WARN_CHECK_SWITCH_STATEMENTS = YES;
				GCC_WARN_MISSING_PARENTHESES = YES;
				GCC_WARN_NON_VIRTUAL_DESTRUCTOR = YES;
				GCC_WARN_TYPECHECK_CALLS_TO_PRINTF = YES;
				GCC_WARN_UNDECLARED_SELECTOR = YES;
				GCC_WARN_UNINITIALIZED_AUTOS = YES;
				GCC_WARN_UNUSED_FUNCTION = YES;
				GCC_WARN_UNUSED_VARIABLE = YES;
				PRODUCT_NAME = "FlanGELVS";
				SDKROOT = macosx;
				WARNING_CFLAGS = "-Wreorder";
				ZERO_LINK = NO;
			};
			name = Release;
		};
/* End XCBuildConfiguration section */

/* Begin XCConfigurationList section */
		21EA3183AD45CE98BF3F12A4 = {
			isa = XCConfigurationList;
			buildConfigurations = (
				2FF86D71AE72EBD2A22CB617,
				5D152344DBCD64E8F7CB4717,
			);
			defaultConfigurationIsVisible = 0;
			defaultConfigurationName = Debug;
		};
		A6507B9159A8F5CC016C02D1 = {
			isa = XCConfigurationList;
			buildConfigurations = (
				41B6F23CFB8229387F47FBFF,
				6FED92C180DDFED87EC33959,
			);
			defaultConfigurationIsVisible = 0;
			defaultConfigurationName = Debug;
		};
		A82C016A6949ECBA527E4292 = {
			isa = XCConfigurationList;
			buildConfigurations = (
				B8042145D812432DBC72D77B,
				0BC7129559BEF283FEE2D82B,
			);
			defaultConfigurationIsVisible = 0;
			defaultConfigurationName = Debug;
		};
		AFD957C8C035763FB3D717FB = {
			isa = XCConfigurationList;
			buildConfigurations = (
				6BAAF9C78EE4ABA8E798D413,
				FB1D4AC0BD0901D16EF75204,
			);
			defaultConfigurationIsVisible = 0;
			defaultConfigurationName = Debug;
		};
		D12103A5306B5E23A7B5D23C = {
			isa = XCConfigurationList;
			buildConfigurations = (
				32FF30DB5EA66CB4B32CB206,
				FBE46271FBA2BD48D931A048,
			);
			defaultConfigurationIsVisible = 0;
			defaultConfigurationName = Debug;
		};
		E5E76D10ABE673B2EFF87795 = {
			isa = XCConfigurationList;
			buildConfigurations = (
				6698C9C807D2AD7E3DA0A2A3,
				AE6F5B643269F5590CDF4D2E,
			);
			defaultConfigurationIsVisible = 0;
			defaultConfigurationName = Debug;
		};
/* End XCConfigurationList section */
	};
	rootObject = 86AF7749EE9F1A83C39EABF7 /* Project object */;
}
