
Microsoft Visual Studio Solution File, Format Version 11.00
# Visual Studio Version 17

Project("{8BC9CEB8-8B4A-11D0-8D11-00A0C91BC942}") = "FlanGELVS - Standalone Plugin", "FlanGELVS_StandalonePlugin.vcxproj", "{A6AD0872-8CBB-C54E-C39F-BEDAD9A9BAC8}"
	ProjectSection(ProjectDependencies) = postProject
		{D44B8610-8A25-A6E3-FA6C-1CFB467137B1} = {D44B8610-8A25-A6E3-FA6C-1CFB467137B1}
	EndProjectSection
EndProject
Project("{8BC9CEB8-8B4A-11D0-8D11-00A0C91BC942}") = "FlanGELVS - VST3", "FlanGELVS_VST3.vcxproj", "{CC596A85-217B-FA36-B9C6-D7487F4108F2}"
	ProjectSection(ProjectDependencies) = postProject
		{D44B8610-8A25-A6E3-FA6C-1CFB467137B1} = {D44B8610-8A25-A6E3-FA6C-1CFB467137B1}
	EndProjectSection
EndProject
Project("{8BC9CEB8-8B4A-11D0-8D11-00A0C91BC942}") = "FlanGELVS - Shared Code", "FlanGELVS_SharedCode.vcxproj", "{D44B8610-8A25-A6E3-FA6C-1CFB467137B1}"
EndProject
Global
	GlobalSection(SolutionConfigurationPlatforms) = preSolution
		Debug|x64 = Debug|x64
		Release|x64 = Release|x64
	EndGlobalSection
	GlobalSection(ProjectConfigurationPlatforms) = postSolution
		{CC596A85-217B-FA36-B9C6-D7487F4108F2}.Debug|x64.ActiveCfg = Debug|x64
		{CC596A85-217B-FA36-B9C6-D7487F4108F2}.Debug|x64.Build.0 = Debug|x64
		{CC596A85-217B-FA36-B9C6-D7487F4108F2}.Release|x64.ActiveCfg = Release|x64
		{CC596A85-217B-FA36-B9C6-D7487F4108F2}.Release|x64.Build.0 = Release|x64
		{A6AD0872-8CBB-C54E-C39F-BEDAD9A9BAC8}.Debug|x64.ActiveCfg = Debug|x64
		{A6AD0872-8CBB-C54E-C39F-BEDAD9A9BAC8}.Debug|x64.Build.0 = Debug|x64
		{A6AD0872-8CBB-C54E-C39F-BEDAD9A9BAC8}.Release|x64.ActiveCfg = Release|x64
		{A6AD0872-8CBB-C54E-C39F-BEDAD9A9BAC8}.Release|x64.Build.0 = Release|x64
		{D44B8610-8A25-A6E3-FA6C-1CFB467137B1}.Debug|x64.ActiveCfg = Debug|x64
		{D44B8610-8A25-A6E3-FA6C-1CFB467137B1}.Debug|x64.Build.0 = Debug|x64
		{D44B8610-8A25-A6E3-FA6C-1CFB467137B1}.Release|x64.ActiveCfg = Release|x64
		{D44B8610-8A25-A6E3-FA6C-1CFB467137B1}.Release|x64.Build.0 = Release|x64
	EndGlobalSection
	GlobalSection(SolutionProperties) = preSolution
		HideSolutionNode = FALSE
	EndGlobalSection
EndGlobal
